
Microsoft Visual Studio Solution File, Format Version 12.00
# Visual Studio 2013
VisualStudioVersion = 12.0.31101.0
MinimumVisualStudioVersion = 10.0.40219.1
Project("{FAE04EC0-301F-11D3-BF4B-00C04F79EFBC}") = "Heiflow.Plugins.Tools", "Heiflow.Processing\Heiflow.Plugins.Tools.csproj", "{E5F99333-3E66-4A22-A519-07B78370F322}"
EndProject
Project("{FAE04EC0-301F-11D3-BF4B-00C04F79EFBC}") = "Heiflow.Controls.WinForm", "Heiflow.Controls\Heiflow.Controls.WinForm.csproj", "{04B4C21D-E554-4369-8C00-BFBBECA0FB2C}"
EndProject
Project("{FAE04EC0-301F-11D3-BF4B-00C04F79EFBC}") = "Heiflow.Models", "Heiflow.Models\Heiflow.Models.csproj", "{28E79461-3161-4130-81B0-2C36CD3A3315}"
EndProject
Project("{FAE04EC0-301F-11D3-BF4B-00C04F79EFBC}") = "UnitTest", "UnitTest\UnitTest.csproj", "{C268EFFD-1C30-4E57-A285-375E61322900}"
EndProject
Project("{2150E333-8FDC-42A3-9474-1A3956D46DE8}") = "Core", "Core", "{7E3BB712-B58F-4B80-B9FB-317A8548B69D}"
EndProject
Project("{2150E333-8FDC-42A3-9474-1A3956D46DE8}") = "Dotspatial", "Dotspatial", "{D4A568B4-8BEF-44CC-B9A2-EC14DA916C19}"
EndProject
Project("{FAE04EC0-301F-11D3-BF4B-00C04F79EFBC}") = "Heiflow.Models.Studio", "Heiflow.Studio\Heiflow.Models.Studio.csproj", "{CCC638AD-BFE5-4D81-8690-02086C71F971}"
EndProject
Project("{2150E333-8FDC-42A3-9474-1A3956D46DE8}") = "Test", "Test", "{0127BB66-D571-4EEE-BF3D-FC269312E3A9}"
EndProject
Project("{FAE04EC0-301F-11D3-BF4B-00C04F79EFBC}") = "DotSpatial.Plugins.AttributeDataExplorer", "DotSpatial.Plugins.AttributeDataExplorer\DotSpatial.Plugins.AttributeDataExplorer.csproj", "{E11CC461-44EE-4FE0-84F8-CF36B780339E}"
EndProject
Project("{FAE04EC0-301F-11D3-BF4B-00C04F79EFBC}") = "Heiflow.Plugins.Menubar", "Heiflow.Plugins.Menubar\Heiflow.Plugins.Menubar.csproj", "{D29302BA-0421-425C-BA06-DC80C3621A24}"
EndProject
Project("{2150E333-8FDC-42A3-9474-1A3956D46DE8}") = "Plugins", "Plugins", "{3E43E602-FDDB-427E-8995-FB0474DF2E59}"
EndProject
Project("{FAE04EC0-301F-11D3-BF4B-00C04F79EFBC}") = "Heiflow.AI", "Heiflow.AI\Heiflow.AI.csproj", "{A022B559-AB8A-4130-98AC-70A68B217C80}"
EndProject
Project("{2150E333-8FDC-42A3-9474-1A3956D46DE8}") = "Visulization", "Visulization", "{9F4569BB-3287-4863-97F0-AF7677BD5C4C}"
EndProject
Project("{FAE04EC0-301F-11D3-BF4B-00C04F79EFBC}") = "Heiflow.Visualization", "Heiflow.Visualization.Core\Heiflow.Visualization.csproj", "{FD13AB2F-63FF-4A41-B133-B308553C5180}"
EndProject
Project("{FAE04EC0-301F-11D3-BF4B-00C04F79EFBC}") = "Heiflow.Visualization.Display", "Heiflow.Visualization.Display\Heiflow.Visualization.Display.csproj", "{5D82B585-BBB4-4BD8-B260-F78EE06A4C9C}"
EndProject
Project("{FAE04EC0-301F-11D3-BF4B-00C04F79EFBC}") = "Heiflow.Spatial", "Heiflow.Spatial\Heiflow.Spatial.csproj", "{2A3C4415-B678-4826-97D8-E25E6E63B088}"
EndProject
Project("{FAE04EC0-301F-11D3-BF4B-00C04F79EFBC}") = "Heiflow.Controls.WPF.Styles", "Heiflow.Controls.WPF\Styles\Heiflow.Controls.WPF.Styles.csproj", "{A468315F-FA11-4BC2-8E5F-EA3C48B24C74}"
EndProject
Project("{FAE04EC0-301F-11D3-BF4B-00C04F79EFBC}") = "Heiflow.Visualization.Studio", "Heiflow.Visualization.Studio\Heiflow.Visualization.Studio.csproj", "{12A9479B-4807-47E2-B685-C5CEE50E5B53}"
EndProject
Project("{FAE04EC0-301F-11D3-BF4B-00C04F79EFBC}") = "Heiflow.Applications", "Heiflow.Applications\Heiflow.Applications.csproj", "{FEAFEC49-6F84-4852-9A57-F16DF359B356}"
EndProject
Project("{FAE04EC0-301F-11D3-BF4B-00C04F79EFBC}") = "Heiflow.Presentation", "Heiflow.Presentation\Heiflow.Presentation.csproj", "{55D24EB1-96BB-4902-8240-E9019032DB93}"
EndProject
Project("{FAE04EC0-301F-11D3-BF4B-00C04F79EFBC}") = "Heiflow.Visualization.Applications", "Heiflow.Visualization.Applications\Heiflow.Visualization.Applications.csproj", "{BC6702E0-5487-46A7-878D-A8141A4BD0E1}"
EndProject
Project("{FAE04EC0-301F-11D3-BF4B-00C04F79EFBC}") = "Heiflow.Plugins.SplashScreen", "Heiflow.Plugins.SplashScreen\Heiflow.Plugins.SplashScreen.csproj", "{1E3CB045-476B-45A4-964B-4EFFCFBCA755}"
EndProject
Project("{FAE04EC0-301F-11D3-BF4B-00C04F79EFBC}") = "Heiflow.Tools", "Heiflow.Tools\Heiflow.Tools.csproj", "{A559DF9C-CEA8-4CAD-8D9B-7549370E5159}"
EndProject
Project("{FAE04EC0-301F-11D3-BF4B-00C04F79EFBC}") = "Heiflow.Plugins.Default", "Heiflow.Plugins.Default\Heiflow.Plugins.Default.csproj", "{7CE656AE-6BD8-42AF-964A-E1A2296BC789}"
EndProject
Project("{FAE04EC0-301F-11D3-BF4B-00C04F79EFBC}") = "Heiflow.Core", "Heiflow.Core\Heiflow.Core.csproj", "{E75A11B8-00A2-45DE-A5E4-4B8180B5903C}"
EndProject
Project("{FAE04EC0-301F-11D3-BF4B-00C04F79EFBC}") = "Heiflow.Image", "Heiflow.Image\Heiflow.Image.csproj", "{563D34FC-683D-45BC-BB30-7DE44A61DFBD}"
EndProject
Project("{FAE04EC0-301F-11D3-BF4B-00C04F79EFBC}") = "DotSpatial.Plugins.Taudem", "DotSpatial.Plugins.Taudem\DotSpatial.Plugins.Taudem.csproj", "{8B41651D-47CC-416D-93A1-C74B1B01FDB2}"
EndProject
Project("{F184B08F-C81C-45F6-A57F-5ABD9991F28F}") = "DotSpatial.Plugins.Taudem.Port", "DotSpatial.Plugins.Taudem.Port\DotSpatial.Plugins.Taudem.Port.vbproj", "{820E1426-5BAE-4834-88FB-EC407D4E5CC8}"
EndProject
Project("{2150E333-8FDC-42A3-9474-1A3956D46DE8}") = "Susbed", "Susbed", "{06F3EB5E-BCA9-4C52-A112-D5E2B56FA4C5}"
	ProjectSection(SolutionItems) = preProject
		Heiflow.Plugins.Menubar\AboutForm.cs = Heiflow.Plugins.Menubar\AboutForm.cs
		Heiflow.Plugins.Menubar\AboutForm.Designer.cs = Heiflow.Plugins.Menubar\AboutForm.Designer.cs
		Heiflow.Plugins.Menubar\AboutForm.resx = Heiflow.Plugins.Menubar\AboutForm.resx
	EndProjectSection
EndProject
Project("{FAE04EC0-301F-11D3-BF4B-00C04F79EFBC}") = "Heiflow.Plugins.Susbed", "Heiflow.Plugins.Susbed\Heiflow.Plugins.Susbed.csproj", "{4E79A19F-C7AB-4542-BB7E-6A7275DC3BEF}"
EndProject
Project("{FAE04EC0-301F-11D3-BF4B-00C04F79EFBC}") = "Heiflow.Susbed", "Heiflow.Susbed\Heiflow.Susbed.csproj", "{B44CD67F-7332-45A7-9355-6BD1FCBFB832}"
EndProject
Global
	GlobalSection(SolutionConfigurationPlatforms) = preSolution
		Debug|Any CPU = Debug|Any CPU
		Debug|Mixed Platforms = Debug|Mixed Platforms
		Debug|x64 = Debug|x64
		Debug|x86 = Debug|x86
		Part1|Any CPU = Part1|Any CPU
		Part1|Mixed Platforms = Part1|Mixed Platforms
		Part1|x64 = Part1|x64
		Part1|x86 = Part1|x86
		Release|Any CPU = Release|Any CPU
		Release|Mixed Platforms = Release|Mixed Platforms
		Release|x64 = Release|x64
		Release|x86 = Release|x86
	EndGlobalSection
	GlobalSection(ProjectConfigurationPlatforms) = postSolution
		{E5F99333-3E66-4A22-A519-07B78370F322}.Debug|Any CPU.ActiveCfg = Debug|Any CPU
		{E5F99333-3E66-4A22-A519-07B78370F322}.Debug|Any CPU.Build.0 = Debug|Any CPU
		{E5F99333-3E66-4A22-A519-07B78370F322}.Debug|Mixed Platforms.ActiveCfg = Debug|Any CPU
		{E5F99333-3E66-4A22-A519-07B78370F322}.Debug|Mixed Platforms.Build.0 = Debug|Any CPU
		{E5F99333-3E66-4A22-A519-07B78370F322}.Debug|x64.ActiveCfg = Debug|x64
		{E5F99333-3E66-4A22-A519-07B78370F322}.Debug|x64.Build.0 = Debug|x64
		{E5F99333-3E66-4A22-A519-07B78370F322}.Debug|x86.ActiveCfg = Debug|Any CPU
		{E5F99333-3E66-4A22-A519-07B78370F322}.Part1|Any CPU.ActiveCfg = Release|Any CPU
		{E5F99333-3E66-4A22-A519-07B78370F322}.Part1|Any CPU.Build.0 = Release|Any CPU
		{E5F99333-3E66-4A22-A519-07B78370F322}.Part1|Mixed Platforms.ActiveCfg = Release|Any CPU
		{E5F99333-3E66-4A22-A519-07B78370F322}.Part1|Mixed Platforms.Build.0 = Release|Any CPU
		{E5F99333-3E66-4A22-A519-07B78370F322}.Part1|x64.ActiveCfg = Release|x64
		{E5F99333-3E66-4A22-A519-07B78370F322}.Part1|x64.Build.0 = Release|x64
		{E5F99333-3E66-4A22-A519-07B78370F322}.Part1|x86.ActiveCfg = Release|Any CPU
		{E5F99333-3E66-4A22-A519-07B78370F322}.Release|Any CPU.ActiveCfg = Release|Any CPU
		{E5F99333-3E66-4A22-A519-07B78370F322}.Release|Any CPU.Build.0 = Release|Any CPU
		{E5F99333-3E66-4A22-A519-07B78370F322}.Release|Mixed Platforms.ActiveCfg = Release|Any CPU
		{E5F99333-3E66-4A22-A519-07B78370F322}.Release|Mixed Platforms.Build.0 = Release|Any CPU
		{E5F99333-3E66-4A22-A519-07B78370F322}.Release|x64.ActiveCfg = Release|x64
		{E5F99333-3E66-4A22-A519-07B78370F322}.Release|x64.Build.0 = Release|x64
		{E5F99333-3E66-4A22-A519-07B78370F322}.Release|x86.ActiveCfg = Release|Any CPU
		{04B4C21D-E554-4369-8C00-BFBBECA0FB2C}.Debug|Any CPU.ActiveCfg = Debug|Any CPU
		{04B4C21D-E554-4369-8C00-BFBBECA0FB2C}.Debug|Any CPU.Build.0 = Debug|Any CPU
		{04B4C21D-E554-4369-8C00-BFBBECA0FB2C}.Debug|Mixed Platforms.ActiveCfg = Debug|Any CPU
		{04B4C21D-E554-4369-8C00-BFBBECA0FB2C}.Debug|Mixed Platforms.Build.0 = Debug|Any CPU
		{04B4C21D-E554-4369-8C00-BFBBECA0FB2C}.Debug|x64.ActiveCfg = Debug|x64
		{04B4C21D-E554-4369-8C00-BFBBECA0FB2C}.Debug|x64.Build.0 = Debug|x64
		{04B4C21D-E554-4369-8C00-BFBBECA0FB2C}.Debug|x86.ActiveCfg = Debug|Any CPU
		{04B4C21D-E554-4369-8C00-BFBBECA0FB2C}.Part1|Any CPU.ActiveCfg = Release|Any CPU
		{04B4C21D-E554-4369-8C00-BFBBECA0FB2C}.Part1|Any CPU.Build.0 = Release|Any CPU
		{04B4C21D-E554-4369-8C00-BFBBECA0FB2C}.Part1|Mixed Platforms.ActiveCfg = Release|Any CPU
		{04B4C21D-E554-4369-8C00-BFBBECA0FB2C}.Part1|Mixed Platforms.Build.0 = Release|Any CPU
		{04B4C21D-E554-4369-8C00-BFBBECA0FB2C}.Part1|x64.ActiveCfg = Release|x64
		{04B4C21D-E554-4369-8C00-BFBBECA0FB2C}.Part1|x64.Build.0 = Release|x64
		{04B4C21D-E554-4369-8C00-BFBBECA0FB2C}.Part1|x86.ActiveCfg = Release|Any CPU
		{04B4C21D-E554-4369-8C00-BFBBECA0FB2C}.Release|Any CPU.ActiveCfg = Release|Any CPU
		{04B4C21D-E554-4369-8C00-BFBBECA0FB2C}.Release|Any CPU.Build.0 = Release|Any CPU
		{04B4C21D-E554-4369-8C00-BFBBECA0FB2C}.Release|Mixed Platforms.ActiveCfg = Release|Any CPU
		{04B4C21D-E554-4369-8C00-BFBBECA0FB2C}.Release|Mixed Platforms.Build.0 = Release|Any CPU
		{04B4C21D-E554-4369-8C00-BFBBECA0FB2C}.Release|x64.ActiveCfg = Release|x64
		{04B4C21D-E554-4369-8C00-BFBBECA0FB2C}.Release|x64.Build.0 = Release|x64
		{04B4C21D-E554-4369-8C00-BFBBECA0FB2C}.Release|x86.ActiveCfg = Release|Any CPU
		{28E79461-3161-4130-81B0-2C36CD3A3315}.Debug|Any CPU.ActiveCfg = Debug|Any CPU
		{28E79461-3161-4130-81B0-2C36CD3A3315}.Debug|Any CPU.Build.0 = Debug|Any CPU
		{28E79461-3161-4130-81B0-2C36CD3A3315}.Debug|Mixed Platforms.ActiveCfg = Debug|Any CPU
		{28E79461-3161-4130-81B0-2C36CD3A3315}.Debug|Mixed Platforms.Build.0 = Debug|Any CPU
		{28E79461-3161-4130-81B0-2C36CD3A3315}.Debug|x64.ActiveCfg = Debug|x64
		{28E79461-3161-4130-81B0-2C36CD3A3315}.Debug|x64.Build.0 = Debug|x64
		{28E79461-3161-4130-81B0-2C36CD3A3315}.Debug|x86.ActiveCfg = Debug|Any CPU
		{28E79461-3161-4130-81B0-2C36CD3A3315}.Part1|Any CPU.ActiveCfg = Release|Any CPU
		{28E79461-3161-4130-81B0-2C36CD3A3315}.Part1|Any CPU.Build.0 = Release|Any CPU
		{28E79461-3161-4130-81B0-2C36CD3A3315}.Part1|Mixed Platforms.ActiveCfg = Release|Any CPU
		{28E79461-3161-4130-81B0-2C36CD3A3315}.Part1|Mixed Platforms.Build.0 = Release|Any CPU
		{28E79461-3161-4130-81B0-2C36CD3A3315}.Part1|x64.ActiveCfg = Release|x64
		{28E79461-3161-4130-81B0-2C36CD3A3315}.Part1|x64.Build.0 = Release|x64
		{28E79461-3161-4130-81B0-2C36CD3A3315}.Part1|x86.ActiveCfg = Release|Any CPU
		{28E79461-3161-4130-81B0-2C36CD3A3315}.Release|Any CPU.ActiveCfg = Release|Any CPU
		{28E79461-3161-4130-81B0-2C36CD3A3315}.Release|Any CPU.Build.0 = Release|Any CPU
		{28E79461-3161-4130-81B0-2C36CD3A3315}.Release|Mixed Platforms.ActiveCfg = Release|Any CPU
		{28E79461-3161-4130-81B0-2C36CD3A3315}.Release|Mixed Platforms.Build.0 = Release|Any CPU
		{28E79461-3161-4130-81B0-2C36CD3A3315}.Release|x64.ActiveCfg = Release|x64
		{28E79461-3161-4130-81B0-2C36CD3A3315}.Release|x64.Build.0 = Release|x64
		{28E79461-3161-4130-81B0-2C36CD3A3315}.Release|x86.ActiveCfg = Release|Any CPU
		{C268EFFD-1C30-4E57-A285-375E61322900}.Debug|Any CPU.ActiveCfg = Debug|Any CPU
		{C268EFFD-1C30-4E57-A285-375E61322900}.Debug|Any CPU.Build.0 = Debug|Any CPU
		{C268EFFD-1C30-4E57-A285-375E61322900}.Debug|Mixed Platforms.ActiveCfg = Debug|Any CPU
		{C268EFFD-1C30-4E57-A285-375E61322900}.Debug|x64.ActiveCfg = Debug|x64
		{C268EFFD-1C30-4E57-A285-375E61322900}.Debug|x64.Build.0 = Debug|x64
		{C268EFFD-1C30-4E57-A285-375E61322900}.Debug|x86.ActiveCfg = Debug|Any CPU
		{C268EFFD-1C30-4E57-A285-375E61322900}.Part1|Any CPU.ActiveCfg = Release|Any CPU
		{C268EFFD-1C30-4E57-A285-375E61322900}.Part1|Any CPU.Build.0 = Release|Any CPU
		{C268EFFD-1C30-4E57-A285-375E61322900}.Part1|Mixed Platforms.ActiveCfg = Release|Any CPU
		{C268EFFD-1C30-4E57-A285-375E61322900}.Part1|Mixed Platforms.Build.0 = Release|Any CPU
		{C268EFFD-1C30-4E57-A285-375E61322900}.Part1|x64.ActiveCfg = Release|x64
		{C268EFFD-1C30-4E57-A285-375E61322900}.Part1|x64.Build.0 = Release|x64
		{C268EFFD-1C30-4E57-A285-375E61322900}.Part1|x86.ActiveCfg = Release|Any CPU
		{C268EFFD-1C30-4E57-A285-375E61322900}.Release|Any CPU.ActiveCfg = Release|Any CPU
		{C268EFFD-1C30-4E57-A285-375E61322900}.Release|Any CPU.Build.0 = Release|Any CPU
		{C268EFFD-1C30-4E57-A285-375E61322900}.Release|Mixed Platforms.ActiveCfg = Release|Any CPU
		{C268EFFD-1C30-4E57-A285-375E61322900}.Release|Mixed Platforms.Build.0 = Release|Any CPU
		{C268EFFD-1C30-4E57-A285-375E61322900}.Release|x64.ActiveCfg = Release|x64
		{C268EFFD-1C30-4E57-A285-375E61322900}.Release|x64.Build.0 = Release|x64
		{C268EFFD-1C30-4E57-A285-375E61322900}.Release|x86.ActiveCfg = Release|Any CPU
		{CCC638AD-BFE5-4D81-8690-02086C71F971}.Debug|Any CPU.ActiveCfg = Debug|Any CPU
		{CCC638AD-BFE5-4D81-8690-02086C71F971}.Debug|Any CPU.Build.0 = Debug|Any CPU
		{CCC638AD-BFE5-4D81-8690-02086C71F971}.Debug|Mixed Platforms.ActiveCfg = Debug|Any CPU
		{CCC638AD-BFE5-4D81-8690-02086C71F971}.Debug|Mixed Platforms.Build.0 = Debug|Any CPU
		{CCC638AD-BFE5-4D81-8690-02086C71F971}.Debug|x64.ActiveCfg = Debug|x64
		{CCC638AD-BFE5-4D81-8690-02086C71F971}.Debug|x64.Build.0 = Debug|x64
		{CCC638AD-BFE5-4D81-8690-02086C71F971}.Debug|x86.ActiveCfg = Debug|Any CPU
		{CCC638AD-BFE5-4D81-8690-02086C71F971}.Part1|Any CPU.ActiveCfg = Release|Any CPU
		{CCC638AD-BFE5-4D81-8690-02086C71F971}.Part1|Any CPU.Build.0 = Release|Any CPU
		{CCC638AD-BFE5-4D81-8690-02086C71F971}.Part1|Mixed Platforms.ActiveCfg = Release|Any CPU
		{CCC638AD-BFE5-4D81-8690-02086C71F971}.Part1|Mixed Platforms.Build.0 = Release|Any CPU
		{CCC638AD-BFE5-4D81-8690-02086C71F971}.Part1|x64.ActiveCfg = Release|x64
		{CCC638AD-BFE5-4D81-8690-02086C71F971}.Part1|x64.Build.0 = Release|x64
		{CCC638AD-BFE5-4D81-8690-02086C71F971}.Part1|x86.ActiveCfg = Release|Any CPU
		{CCC638AD-BFE5-4D81-8690-02086C71F971}.Release|Any CPU.ActiveCfg = Release|Any CPU
		{CCC638AD-BFE5-4D81-8690-02086C71F971}.Release|Any CPU.Build.0 = Release|Any CPU
		{CCC638AD-BFE5-4D81-8690-02086C71F971}.Release|Mixed Platforms.ActiveCfg = Release|Any CPU
		{CCC638AD-BFE5-4D81-8690-02086C71F971}.Release|Mixed Platforms.Build.0 = Release|Any CPU
		{CCC638AD-BFE5-4D81-8690-02086C71F971}.Release|x64.ActiveCfg = Release|x64
		{CCC638AD-BFE5-4D81-8690-02086C71F971}.Release|x64.Build.0 = Release|x64
		{CCC638AD-BFE5-4D81-8690-02086C71F971}.Release|x86.ActiveCfg = Release|Any CPU
		{E11CC461-44EE-4FE0-84F8-CF36B780339E}.Debug|Any CPU.ActiveCfg = Debug|Any CPU
		{E11CC461-44EE-4FE0-84F8-CF36B780339E}.Debug|Mixed Platforms.ActiveCfg = Debug|Any CPU
		{E11CC461-44EE-4FE0-84F8-CF36B780339E}.Debug|Mixed Platforms.Build.0 = Debug|Any CPU
		{E11CC461-44EE-4FE0-84F8-CF36B780339E}.Debug|x64.ActiveCfg = Debug|Any CPU
		{E11CC461-44EE-4FE0-84F8-CF36B780339E}.Debug|x64.Build.0 = Debug|Any CPU
		{E11CC461-44EE-4FE0-84F8-CF36B780339E}.Debug|x86.ActiveCfg = Debug|Any CPU
		{E11CC461-44EE-4FE0-84F8-CF36B780339E}.Part1|Any CPU.ActiveCfg = Release|Any CPU
		{E11CC461-44EE-4FE0-84F8-CF36B780339E}.Part1|Any CPU.Build.0 = Release|Any CPU
		{E11CC461-44EE-4FE0-84F8-CF36B780339E}.Part1|Mixed Platforms.ActiveCfg = Release|Any CPU
		{E11CC461-44EE-4FE0-84F8-CF36B780339E}.Part1|Mixed Platforms.Build.0 = Release|Any CPU
		{E11CC461-44EE-4FE0-84F8-CF36B780339E}.Part1|x64.ActiveCfg = Debug|x64
		{E11CC461-44EE-4FE0-84F8-CF36B780339E}.Part1|x64.Build.0 = Debug|x64
		{E11CC461-44EE-4FE0-84F8-CF36B780339E}.Part1|x86.ActiveCfg = Release|Any CPU
		{E11CC461-44EE-4FE0-84F8-CF36B780339E}.Release|Any CPU.ActiveCfg = Release|Any CPU
		{E11CC461-44EE-4FE0-84F8-CF36B780339E}.Release|Any CPU.Build.0 = Release|Any CPU
		{E11CC461-44EE-4FE0-84F8-CF36B780339E}.Release|Mixed Platforms.ActiveCfg = Release|Any CPU
		{E11CC461-44EE-4FE0-84F8-CF36B780339E}.Release|Mixed Platforms.Build.0 = Release|Any CPU
		{E11CC461-44EE-4FE0-84F8-CF36B780339E}.Release|x64.ActiveCfg = Release|x64
		{E11CC461-44EE-4FE0-84F8-CF36B780339E}.Release|x86.ActiveCfg = Release|Any CPU
		{D29302BA-0421-425C-BA06-DC80C3621A24}.Debug|Any CPU.ActiveCfg = Debug|Any CPU
		{D29302BA-0421-425C-BA06-DC80C3621A24}.Debug|Any CPU.Build.0 = Debug|Any CPU
		{D29302BA-0421-425C-BA06-DC80C3621A24}.Debug|Mixed Platforms.ActiveCfg = Debug|Any CPU
		{D29302BA-0421-425C-BA06-DC80C3621A24}.Debug|Mixed Platforms.Build.0 = Debug|Any CPU
		{D29302BA-0421-425C-BA06-DC80C3621A24}.Debug|x64.ActiveCfg = Debug|Any CPU
		{D29302BA-0421-425C-BA06-DC80C3621A24}.Debug|x86.ActiveCfg = Debug|Any CPU
		{D29302BA-0421-425C-BA06-DC80C3621A24}.Part1|Any CPU.ActiveCfg = Release|Any CPU
		{D29302BA-0421-425C-BA06-DC80C3621A24}.Part1|Any CPU.Build.0 = Release|Any CPU
		{D29302BA-0421-425C-BA06-DC80C3621A24}.Part1|Mixed Platforms.ActiveCfg = Release|Any CPU
		{D29302BA-0421-425C-BA06-DC80C3621A24}.Part1|Mixed Platforms.Build.0 = Release|Any CPU
		{D29302BA-0421-425C-BA06-DC80C3621A24}.Part1|x64.ActiveCfg = Release|Any CPU
		{D29302BA-0421-425C-BA06-DC80C3621A24}.Part1|x86.ActiveCfg = Release|Any CPU
		{D29302BA-0421-425C-BA06-DC80C3621A24}.Release|Any CPU.ActiveCfg = Release|Any CPU
		{D29302BA-0421-425C-BA06-DC80C3621A24}.Release|Any CPU.Build.0 = Release|Any CPU
		{D29302BA-0421-425C-BA06-DC80C3621A24}.Release|Mixed Platforms.ActiveCfg = Release|Any CPU
		{D29302BA-0421-425C-BA06-DC80C3621A24}.Release|Mixed Platforms.Build.0 = Release|Any CPU
		{D29302BA-0421-425C-BA06-DC80C3621A24}.Release|x64.ActiveCfg = Release|Any CPU
		{D29302BA-0421-425C-BA06-DC80C3621A24}.Release|x86.ActiveCfg = Release|Any CPU
		{A022B559-AB8A-4130-98AC-70A68B217C80}.Debug|Any CPU.ActiveCfg = Debug|Any CPU
		{A022B559-AB8A-4130-98AC-70A68B217C80}.Debug|Any CPU.Build.0 = Debug|Any CPU
		{A022B559-AB8A-4130-98AC-70A68B217C80}.Debug|Mixed Platforms.ActiveCfg = Debug|Any CPU
		{A022B559-AB8A-4130-98AC-70A68B217C80}.Debug|Mixed Platforms.Build.0 = Debug|Any CPU
		{A022B559-AB8A-4130-98AC-70A68B217C80}.Debug|x64.ActiveCfg = Debug|Any CPU
		{A022B559-AB8A-4130-98AC-70A68B217C80}.Debug|x86.ActiveCfg = Debug|Any CPU
		{A022B559-AB8A-4130-98AC-70A68B217C80}.Part1|Any CPU.ActiveCfg = Release|Any CPU
		{A022B559-AB8A-4130-98AC-70A68B217C80}.Part1|Any CPU.Build.0 = Release|Any CPU
		{A022B559-AB8A-4130-98AC-70A68B217C80}.Part1|Mixed Platforms.ActiveCfg = Release|Any CPU
		{A022B559-AB8A-4130-98AC-70A68B217C80}.Part1|Mixed Platforms.Build.0 = Release|Any CPU
		{A022B559-AB8A-4130-98AC-70A68B217C80}.Part1|x64.ActiveCfg = Release|Any CPU
		{A022B559-AB8A-4130-98AC-70A68B217C80}.Part1|x86.ActiveCfg = Release|Any CPU
		{A022B559-AB8A-4130-98AC-70A68B217C80}.Release|Any CPU.ActiveCfg = Release|Any CPU
		{A022B559-AB8A-4130-98AC-70A68B217C80}.Release|Any CPU.Build.0 = Release|Any CPU
		{A022B559-AB8A-4130-98AC-70A68B217C80}.Release|Mixed Platforms.ActiveCfg = Release|Any CPU
		{A022B559-AB8A-4130-98AC-70A68B217C80}.Release|Mixed Platforms.Build.0 = Release|Any CPU
		{A022B559-AB8A-4130-98AC-70A68B217C80}.Release|x64.ActiveCfg = Release|Any CPU
		{A022B559-AB8A-4130-98AC-70A68B217C80}.Release|x86.ActiveCfg = Release|Any CPU
		{FD13AB2F-63FF-4A41-B133-B308553C5180}.Debug|Any CPU.ActiveCfg = Debug|x86
		{FD13AB2F-63FF-4A41-B133-B308553C5180}.Debug|Any CPU.Build.0 = Debug|x86
		{FD13AB2F-63FF-4A41-B133-B308553C5180}.Debug|Mixed Platforms.ActiveCfg = Debug|x86
		{FD13AB2F-63FF-4A41-B133-B308553C5180}.Debug|Mixed Platforms.Build.0 = Debug|x86
		{FD13AB2F-63FF-4A41-B133-B308553C5180}.Debug|x64.ActiveCfg = Debug|x86
		{FD13AB2F-63FF-4A41-B133-B308553C5180}.Debug|x86.ActiveCfg = Debug|x86
		{FD13AB2F-63FF-4A41-B133-B308553C5180}.Debug|x86.Build.0 = Debug|x86
		{FD13AB2F-63FF-4A41-B133-B308553C5180}.Part1|Any CPU.ActiveCfg = Release|x86
		{FD13AB2F-63FF-4A41-B133-B308553C5180}.Part1|Mixed Platforms.ActiveCfg = Release|x86
		{FD13AB2F-63FF-4A41-B133-B308553C5180}.Part1|Mixed Platforms.Build.0 = Release|x86
		{FD13AB2F-63FF-4A41-B133-B308553C5180}.Part1|x64.ActiveCfg = Release|x86
		{FD13AB2F-63FF-4A41-B133-B308553C5180}.Part1|x86.ActiveCfg = Release|x86
		{FD13AB2F-63FF-4A41-B133-B308553C5180}.Part1|x86.Build.0 = Release|x86
		{FD13AB2F-63FF-4A41-B133-B308553C5180}.Release|Any CPU.ActiveCfg = Release|x86
		{FD13AB2F-63FF-4A41-B133-B308553C5180}.Release|Mixed Platforms.ActiveCfg = Release|x86
		{FD13AB2F-63FF-4A41-B133-B308553C5180}.Release|Mixed Platforms.Build.0 = Release|x86
		{FD13AB2F-63FF-4A41-B133-B308553C5180}.Release|x64.ActiveCfg = Release|x86
		{FD13AB2F-63FF-4A41-B133-B308553C5180}.Release|x86.ActiveCfg = Release|x86
		{FD13AB2F-63FF-4A41-B133-B308553C5180}.Release|x86.Build.0 = Release|x86
		{5D82B585-BBB4-4BD8-B260-F78EE06A4C9C}.Debug|Any CPU.ActiveCfg = Debug|Any CPU
		{5D82B585-BBB4-4BD8-B260-F78EE06A4C9C}.Debug|Any CPU.Build.0 = Debug|Any CPU
		{5D82B585-BBB4-4BD8-B260-F78EE06A4C9C}.Debug|Mixed Platforms.ActiveCfg = Debug|Any CPU
		{5D82B585-BBB4-4BD8-B260-F78EE06A4C9C}.Debug|Mixed Platforms.Build.0 = Debug|Any CPU
		{5D82B585-BBB4-4BD8-B260-F78EE06A4C9C}.Debug|x64.ActiveCfg = Debug|Any CPU
		{5D82B585-BBB4-4BD8-B260-F78EE06A4C9C}.Debug|x86.ActiveCfg = Debug|Any CPU
		{5D82B585-BBB4-4BD8-B260-F78EE06A4C9C}.Part1|Any CPU.ActiveCfg = Release|Any CPU
		{5D82B585-BBB4-4BD8-B260-F78EE06A4C9C}.Part1|Any CPU.Build.0 = Release|Any CPU
		{5D82B585-BBB4-4BD8-B260-F78EE06A4C9C}.Part1|Mixed Platforms.ActiveCfg = Release|Any CPU
		{5D82B585-BBB4-4BD8-B260-F78EE06A4C9C}.Part1|Mixed Platforms.Build.0 = Release|Any CPU
		{5D82B585-BBB4-4BD8-B260-F78EE06A4C9C}.Part1|x64.ActiveCfg = Release|Any CPU
		{5D82B585-BBB4-4BD8-B260-F78EE06A4C9C}.Part1|x86.ActiveCfg = Release|Any CPU
		{5D82B585-BBB4-4BD8-B260-F78EE06A4C9C}.Release|Any CPU.ActiveCfg = Release|Any CPU
		{5D82B585-BBB4-4BD8-B260-F78EE06A4C9C}.Release|Any CPU.Build.0 = Release|Any CPU
		{5D82B585-BBB4-4BD8-B260-F78EE06A4C9C}.Release|Mixed Platforms.ActiveCfg = Release|Any CPU
		{5D82B585-BBB4-4BD8-B260-F78EE06A4C9C}.Release|Mixed Platforms.Build.0 = Release|Any CPU
		{5D82B585-BBB4-4BD8-B260-F78EE06A4C9C}.Release|x64.ActiveCfg = Release|Any CPU
		{5D82B585-BBB4-4BD8-B260-F78EE06A4C9C}.Release|x86.ActiveCfg = Release|Any CPU
		{2A3C4415-B678-4826-97D8-E25E6E63B088}.Debug|Any CPU.ActiveCfg = Debug|Any CPU
		{2A3C4415-B678-4826-97D8-E25E6E63B088}.Debug|Any CPU.Build.0 = Debug|Any CPU
		{2A3C4415-B678-4826-97D8-E25E6E63B088}.Debug|Mixed Platforms.ActiveCfg = Debug|Any CPU
		{2A3C4415-B678-4826-97D8-E25E6E63B088}.Debug|Mixed Platforms.Build.0 = Debug|Any CPU
		{2A3C4415-B678-4826-97D8-E25E6E63B088}.Debug|x64.ActiveCfg = Debug|Any CPU
		{2A3C4415-B678-4826-97D8-E25E6E63B088}.Debug|x86.ActiveCfg = Debug|Any CPU
		{2A3C4415-B678-4826-97D8-E25E6E63B088}.Part1|Any CPU.ActiveCfg = Release|Any CPU
		{2A3C4415-B678-4826-97D8-E25E6E63B088}.Part1|Any CPU.Build.0 = Release|Any CPU
		{2A3C4415-B678-4826-97D8-E25E6E63B088}.Part1|Mixed Platforms.ActiveCfg = Release|Any CPU
		{2A3C4415-B678-4826-97D8-E25E6E63B088}.Part1|Mixed Platforms.Build.0 = Release|Any CPU
		{2A3C4415-B678-4826-97D8-E25E6E63B088}.Part1|x64.ActiveCfg = Release|Any CPU
		{2A3C4415-B678-4826-97D8-E25E6E63B088}.Part1|x86.ActiveCfg = Release|Any CPU
		{2A3C4415-B678-4826-97D8-E25E6E63B088}.Release|Any CPU.ActiveCfg = Release|Any CPU
		{2A3C4415-B678-4826-97D8-E25E6E63B088}.Release|Any CPU.Build.0 = Release|Any CPU
		{2A3C4415-B678-4826-97D8-E25E6E63B088}.Release|Mixed Platforms.ActiveCfg = Release|Any CPU
		{2A3C4415-B678-4826-97D8-E25E6E63B088}.Release|Mixed Platforms.Build.0 = Release|Any CPU
		{2A3C4415-B678-4826-97D8-E25E6E63B088}.Release|x64.ActiveCfg = Release|Any CPU
		{2A3C4415-B678-4826-97D8-E25E6E63B088}.Release|x86.ActiveCfg = Release|Any CPU
		{A468315F-FA11-4BC2-8E5F-EA3C48B24C74}.Debug|Any CPU.ActiveCfg = Debug|Any CPU
		{A468315F-FA11-4BC2-8E5F-EA3C48B24C74}.Debug|Any CPU.Build.0 = Debug|Any CPU
		{A468315F-FA11-4BC2-8E5F-EA3C48B24C74}.Debug|Mixed Platforms.ActiveCfg = Debug|Any CPU
		{A468315F-FA11-4BC2-8E5F-EA3C48B24C74}.Debug|Mixed Platforms.Build.0 = Debug|Any CPU
		{A468315F-FA11-4BC2-8E5F-EA3C48B24C74}.Debug|x64.ActiveCfg = Debug|Any CPU
		{A468315F-FA11-4BC2-8E5F-EA3C48B24C74}.Debug|x86.ActiveCfg = Debug|Any CPU
		{A468315F-FA11-4BC2-8E5F-EA3C48B24C74}.Part1|Any CPU.ActiveCfg = Release|Any CPU
		{A468315F-FA11-4BC2-8E5F-EA3C48B24C74}.Part1|Any CPU.Build.0 = Release|Any CPU
		{A468315F-FA11-4BC2-8E5F-EA3C48B24C74}.Part1|Mixed Platforms.ActiveCfg = Release|Any CPU
		{A468315F-FA11-4BC2-8E5F-EA3C48B24C74}.Part1|Mixed Platforms.Build.0 = Release|Any CPU
		{A468315F-FA11-4BC2-8E5F-EA3C48B24C74}.Part1|x64.ActiveCfg = Release|Any CPU
		{A468315F-FA11-4BC2-8E5F-EA3C48B24C74}.Part1|x86.ActiveCfg = Release|Any CPU
		{A468315F-FA11-4BC2-8E5F-EA3C48B24C74}.Release|Any CPU.ActiveCfg = Release|Any CPU
		{A468315F-FA11-4BC2-8E5F-EA3C48B24C74}.Release|Any CPU.Build.0 = Release|Any CPU
		{A468315F-FA11-4BC2-8E5F-EA3C48B24C74}.Release|Mixed Platforms.ActiveCfg = Release|Any CPU
		{A468315F-FA11-4BC2-8E5F-EA3C48B24C74}.Release|Mixed Platforms.Build.0 = Release|Any CPU
		{A468315F-FA11-4BC2-8E5F-EA3C48B24C74}.Release|x64.ActiveCfg = Release|Any CPU
		{A468315F-FA11-4BC2-8E5F-EA3C48B24C74}.Release|x86.ActiveCfg = Release|Any CPU
		{12A9479B-4807-47E2-B685-C5CEE50E5B53}.Debug|Any CPU.ActiveCfg = Debug|x86
		{12A9479B-4807-47E2-B685-C5CEE50E5B53}.Debug|Any CPU.Build.0 = Debug|x86
		{12A9479B-4807-47E2-B685-C5CEE50E5B53}.Debug|Mixed Platforms.ActiveCfg = Debug|x86
		{12A9479B-4807-47E2-B685-C5CEE50E5B53}.Debug|Mixed Platforms.Build.0 = Debug|x86
		{12A9479B-4807-47E2-B685-C5CEE50E5B53}.Debug|x64.ActiveCfg = Debug|Any CPU
		{12A9479B-4807-47E2-B685-C5CEE50E5B53}.Debug|x86.ActiveCfg = Debug|Any CPU
		{12A9479B-4807-47E2-B685-C5CEE50E5B53}.Part1|Any CPU.ActiveCfg = Release|Any CPU
		{12A9479B-4807-47E2-B685-C5CEE50E5B53}.Part1|Any CPU.Build.0 = Release|Any CPU
		{12A9479B-4807-47E2-B685-C5CEE50E5B53}.Part1|Mixed Platforms.ActiveCfg = Release|Any CPU
		{12A9479B-4807-47E2-B685-C5CEE50E5B53}.Part1|Mixed Platforms.Build.0 = Release|Any CPU
		{12A9479B-4807-47E2-B685-C5CEE50E5B53}.Part1|x64.ActiveCfg = Release|Any CPU
		{12A9479B-4807-47E2-B685-C5CEE50E5B53}.Part1|x86.ActiveCfg = Release|Any CPU
		{12A9479B-4807-47E2-B685-C5CEE50E5B53}.Release|Any CPU.ActiveCfg = Release|Any CPU
		{12A9479B-4807-47E2-B685-C5CEE50E5B53}.Release|Any CPU.Build.0 = Release|Any CPU
		{12A9479B-4807-47E2-B685-C5CEE50E5B53}.Release|Mixed Platforms.ActiveCfg = Release|Any CPU
		{12A9479B-4807-47E2-B685-C5CEE50E5B53}.Release|Mixed Platforms.Build.0 = Release|Any CPU
		{12A9479B-4807-47E2-B685-C5CEE50E5B53}.Release|x64.ActiveCfg = Release|Any CPU
		{12A9479B-4807-47E2-B685-C5CEE50E5B53}.Release|x86.ActiveCfg = Release|Any CPU
		{FEAFEC49-6F84-4852-9A57-F16DF359B356}.Debug|Any CPU.ActiveCfg = Debug|Any CPU
		{FEAFEC49-6F84-4852-9A57-F16DF359B356}.Debug|Any CPU.Build.0 = Debug|Any CPU
		{FEAFEC49-6F84-4852-9A57-F16DF359B356}.Debug|Mixed Platforms.ActiveCfg = Debug|Any CPU
		{FEAFEC49-6F84-4852-9A57-F16DF359B356}.Debug|Mixed Platforms.Build.0 = Debug|Any CPU
		{FEAFEC49-6F84-4852-9A57-F16DF359B356}.Debug|x64.ActiveCfg = Debug|Any CPU
		{FEAFEC49-6F84-4852-9A57-F16DF359B356}.Debug|x86.ActiveCfg = Debug|Any CPU
		{FEAFEC49-6F84-4852-9A57-F16DF359B356}.Part1|Any CPU.ActiveCfg = Release|Any CPU
		{FEAFEC49-6F84-4852-9A57-F16DF359B356}.Part1|Any CPU.Build.0 = Release|Any CPU
		{FEAFEC49-6F84-4852-9A57-F16DF359B356}.Part1|Mixed Platforms.ActiveCfg = Release|Any CPU
		{FEAFEC49-6F84-4852-9A57-F16DF359B356}.Part1|Mixed Platforms.Build.0 = Release|Any CPU
		{FEAFEC49-6F84-4852-9A57-F16DF359B356}.Part1|x64.ActiveCfg = Release|Any CPU
		{FEAFEC49-6F84-4852-9A57-F16DF359B356}.Part1|x86.ActiveCfg = Release|Any CPU
		{FEAFEC49-6F84-4852-9A57-F16DF359B356}.Release|Any CPU.ActiveCfg = Release|Any CPU
		{FEAFEC49-6F84-4852-9A57-F16DF359B356}.Release|Any CPU.Build.0 = Release|Any CPU
		{FEAFEC49-6F84-4852-9A57-F16DF359B356}.Release|Mixed Platforms.ActiveCfg = Release|Any CPU
		{FEAFEC49-6F84-4852-9A57-F16DF359B356}.Release|Mixed Platforms.Build.0 = Release|Any CPU
		{FEAFEC49-6F84-4852-9A57-F16DF359B356}.Release|x64.ActiveCfg = Release|Any CPU
		{FEAFEC49-6F84-4852-9A57-F16DF359B356}.Release|x86.ActiveCfg = Release|Any CPU
		{55D24EB1-96BB-4902-8240-E9019032DB93}.Debug|Any CPU.ActiveCfg = Debug|Any CPU
		{55D24EB1-96BB-4902-8240-E9019032DB93}.Debug|Any CPU.Build.0 = Debug|Any CPU
		{55D24EB1-96BB-4902-8240-E9019032DB93}.Debug|Mixed Platforms.ActiveCfg = Debug|Any CPU
		{55D24EB1-96BB-4902-8240-E9019032DB93}.Debug|Mixed Platforms.Build.0 = Debug|Any CPU
		{55D24EB1-96BB-4902-8240-E9019032DB93}.Debug|x64.ActiveCfg = Debug|Any CPU
		{55D24EB1-96BB-4902-8240-E9019032DB93}.Debug|x86.ActiveCfg = Debug|Any CPU
		{55D24EB1-96BB-4902-8240-E9019032DB93}.Part1|Any CPU.ActiveCfg = Release|Any CPU
		{55D24EB1-96BB-4902-8240-E9019032DB93}.Part1|Any CPU.Build.0 = Release|Any CPU
		{55D24EB1-96BB-4902-8240-E9019032DB93}.Part1|Mixed Platforms.ActiveCfg = Release|Any CPU
		{55D24EB1-96BB-4902-8240-E9019032DB93}.Part1|Mixed Platforms.Build.0 = Release|Any CPU
		{55D24EB1-96BB-4902-8240-E9019032DB93}.Part1|x64.ActiveCfg = Release|Any CPU
		{55D24EB1-96BB-4902-8240-E9019032DB93}.Part1|x86.ActiveCfg = Release|Any CPU
		{55D24EB1-96BB-4902-8240-E9019032DB93}.Release|Any CPU.ActiveCfg = Release|Any CPU
		{55D24EB1-96BB-4902-8240-E9019032DB93}.Release|Any CPU.Build.0 = Release|Any CPU
		{55D24EB1-96BB-4902-8240-E9019032DB93}.Release|Mixed Platforms.ActiveCfg = Release|Any CPU
		{55D24EB1-96BB-4902-8240-E9019032DB93}.Release|Mixed Platforms.Build.0 = Release|Any CPU
		{55D24EB1-96BB-4902-8240-E9019032DB93}.Release|x64.ActiveCfg = Release|Any CPU
		{55D24EB1-96BB-4902-8240-E9019032DB93}.Release|x86.ActiveCfg = Release|Any CPU
		{BC6702E0-5487-46A7-878D-A8141A4BD0E1}.Debug|Any CPU.ActiveCfg = Debug|Any CPU
		{BC6702E0-5487-46A7-878D-A8141A4BD0E1}.Debug|Any CPU.Build.0 = Debug|Any CPU
		{BC6702E0-5487-46A7-878D-A8141A4BD0E1}.Debug|Mixed Platforms.ActiveCfg = Debug|Any CPU
		{BC6702E0-5487-46A7-878D-A8141A4BD0E1}.Debug|Mixed Platforms.Build.0 = Debug|Any CPU
		{BC6702E0-5487-46A7-878D-A8141A4BD0E1}.Debug|x64.ActiveCfg = Debug|Any CPU
		{BC6702E0-5487-46A7-878D-A8141A4BD0E1}.Debug|x86.ActiveCfg = Debug|Any CPU
		{BC6702E0-5487-46A7-878D-A8141A4BD0E1}.Part1|Any CPU.ActiveCfg = Release|Any CPU
		{BC6702E0-5487-46A7-878D-A8141A4BD0E1}.Part1|Any CPU.Build.0 = Release|Any CPU
		{BC6702E0-5487-46A7-878D-A8141A4BD0E1}.Part1|Mixed Platforms.ActiveCfg = Release|Any CPU
		{BC6702E0-5487-46A7-878D-A8141A4BD0E1}.Part1|Mixed Platforms.Build.0 = Release|Any CPU
		{BC6702E0-5487-46A7-878D-A8141A4BD0E1}.Part1|x64.ActiveCfg = Release|Any CPU
		{BC6702E0-5487-46A7-878D-A8141A4BD0E1}.Part1|x86.ActiveCfg = Release|Any CPU
		{BC6702E0-5487-46A7-878D-A8141A4BD0E1}.Release|Any CPU.ActiveCfg = Release|Any CPU
		{BC6702E0-5487-46A7-878D-A8141A4BD0E1}.Release|Any CPU.Build.0 = Release|Any CPU
		{BC6702E0-5487-46A7-878D-A8141A4BD0E1}.Release|Mixed Platforms.ActiveCfg = Release|Any CPU
		{BC6702E0-5487-46A7-878D-A8141A4BD0E1}.Release|Mixed Platforms.Build.0 = Release|Any CPU
		{BC6702E0-5487-46A7-878D-A8141A4BD0E1}.Release|x64.ActiveCfg = Release|Any CPU
		{BC6702E0-5487-46A7-878D-A8141A4BD0E1}.Release|x86.ActiveCfg = Release|Any CPU
		{1E3CB045-476B-45A4-964B-4EFFCFBCA755}.Debug|Any CPU.ActiveCfg = Debug|Any CPU
		{1E3CB045-476B-45A4-964B-4EFFCFBCA755}.Debug|Any CPU.Build.0 = Debug|Any CPU
		{1E3CB045-476B-45A4-964B-4EFFCFBCA755}.Debug|Mixed Platforms.ActiveCfg = Debug|Any CPU
		{1E3CB045-476B-45A4-964B-4EFFCFBCA755}.Debug|Mixed Platforms.Build.0 = Debug|Any CPU
		{1E3CB045-476B-45A4-964B-4EFFCFBCA755}.Debug|x64.ActiveCfg = Debug|Any CPU
		{1E3CB045-476B-45A4-964B-4EFFCFBCA755}.Debug|x86.ActiveCfg = Debug|Any CPU
		{1E3CB045-476B-45A4-964B-4EFFCFBCA755}.Part1|Any CPU.ActiveCfg = Release|Any CPU
		{1E3CB045-476B-45A4-964B-4EFFCFBCA755}.Part1|Any CPU.Build.0 = Release|Any CPU
		{1E3CB045-476B-45A4-964B-4EFFCFBCA755}.Part1|Mixed Platforms.ActiveCfg = Release|Any CPU
		{1E3CB045-476B-45A4-964B-4EFFCFBCA755}.Part1|Mixed Platforms.Build.0 = Release|Any CPU
		{1E3CB045-476B-45A4-964B-4EFFCFBCA755}.Part1|x64.ActiveCfg = Release|Any CPU
		{1E3CB045-476B-45A4-964B-4EFFCFBCA755}.Part1|x86.ActiveCfg = Release|Any CPU
		{1E3CB045-476B-45A4-964B-4EFFCFBCA755}.Release|Any CPU.ActiveCfg = Release|Any CPU
		{1E3CB045-476B-45A4-964B-4EFFCFBCA755}.Release|Any CPU.Build.0 = Release|Any CPU
		{1E3CB045-476B-45A4-964B-4EFFCFBCA755}.Release|Mixed Platforms.ActiveCfg = Release|Any CPU
		{1E3CB045-476B-45A4-964B-4EFFCFBCA755}.Release|Mixed Platforms.Build.0 = Release|Any CPU
		{1E3CB045-476B-45A4-964B-4EFFCFBCA755}.Release|x64.ActiveCfg = Release|Any CPU
		{1E3CB045-476B-45A4-964B-4EFFCFBCA755}.Release|x86.ActiveCfg = Release|Any CPU
		{A559DF9C-CEA8-4CAD-8D9B-7549370E5159}.Debug|Any CPU.ActiveCfg = Debug|Any CPU
		{A559DF9C-CEA8-4CAD-8D9B-7549370E5159}.Debug|Any CPU.Build.0 = Debug|Any CPU
		{A559DF9C-CEA8-4CAD-8D9B-7549370E5159}.Debug|Mixed Platforms.ActiveCfg = Debug|Any CPU
		{A559DF9C-CEA8-4CAD-8D9B-7549370E5159}.Debug|Mixed Platforms.Build.0 = Debug|Any CPU
		{A559DF9C-CEA8-4CAD-8D9B-7549370E5159}.Debug|x64.ActiveCfg = Debug|Any CPU
		{A559DF9C-CEA8-4CAD-8D9B-7549370E5159}.Debug|x86.ActiveCfg = Debug|Any CPU
		{A559DF9C-CEA8-4CAD-8D9B-7549370E5159}.Part1|Any CPU.ActiveCfg = Release|Any CPU
		{A559DF9C-CEA8-4CAD-8D9B-7549370E5159}.Part1|Any CPU.Build.0 = Release|Any CPU
		{A559DF9C-CEA8-4CAD-8D9B-7549370E5159}.Part1|Mixed Platforms.ActiveCfg = Release|Any CPU
		{A559DF9C-CEA8-4CAD-8D9B-7549370E5159}.Part1|Mixed Platforms.Build.0 = Release|Any CPU
		{A559DF9C-CEA8-4CAD-8D9B-7549370E5159}.Part1|x64.ActiveCfg = Release|Any CPU
		{A559DF9C-CEA8-4CAD-8D9B-7549370E5159}.Part1|x86.ActiveCfg = Release|Any CPU
		{A559DF9C-CEA8-4CAD-8D9B-7549370E5159}.Release|Any CPU.ActiveCfg = Release|Any CPU
		{A559DF9C-CEA8-4CAD-8D9B-7549370E5159}.Release|Any CPU.Build.0 = Release|Any CPU
		{A559DF9C-CEA8-4CAD-8D9B-7549370E5159}.Release|Mixed Platforms.ActiveCfg = Release|Any CPU
		{A559DF9C-CEA8-4CAD-8D9B-7549370E5159}.Release|Mixed Platforms.Build.0 = Release|Any CPU
		{A559DF9C-CEA8-4CAD-8D9B-7549370E5159}.Release|x64.ActiveCfg = Release|Any CPU
		{A559DF9C-CEA8-4CAD-8D9B-7549370E5159}.Release|x86.ActiveCfg = Release|Any CPU
		{7CE656AE-6BD8-42AF-964A-E1A2296BC789}.Debug|Any CPU.ActiveCfg = Debug|Any CPU
		{7CE656AE-6BD8-42AF-964A-E1A2296BC789}.Debug|Any CPU.Build.0 = Debug|Any CPU
		{7CE656AE-6BD8-42AF-964A-E1A2296BC789}.Debug|Mixed Platforms.ActiveCfg = Debug|Any CPU
		{7CE656AE-6BD8-42AF-964A-E1A2296BC789}.Debug|Mixed Platforms.Build.0 = Debug|Any CPU
		{7CE656AE-6BD8-42AF-964A-E1A2296BC789}.Debug|x64.ActiveCfg = Debug|x64
		{7CE656AE-6BD8-42AF-964A-E1A2296BC789}.Debug|x64.Build.0 = Debug|x64
		{7CE656AE-6BD8-42AF-964A-E1A2296BC789}.Debug|x86.ActiveCfg = Debug|Any CPU
		{7CE656AE-6BD8-42AF-964A-E1A2296BC789}.Part1|Any CPU.ActiveCfg = Release|Any CPU
		{7CE656AE-6BD8-42AF-964A-E1A2296BC789}.Part1|Any CPU.Build.0 = Release|Any CPU
		{7CE656AE-6BD8-42AF-964A-E1A2296BC789}.Part1|Mixed Platforms.ActiveCfg = Release|Any CPU
		{7CE656AE-6BD8-42AF-964A-E1A2296BC789}.Part1|Mixed Platforms.Build.0 = Release|Any CPU
		{7CE656AE-6BD8-42AF-964A-E1A2296BC789}.Part1|x64.ActiveCfg = Release|x64
		{7CE656AE-6BD8-42AF-964A-E1A2296BC789}.Part1|x64.Build.0 = Release|x64
		{7CE656AE-6BD8-42AF-964A-E1A2296BC789}.Part1|x86.ActiveCfg = Release|Any CPU
		{7CE656AE-6BD8-42AF-964A-E1A2296BC789}.Release|Any CPU.ActiveCfg = Release|Any CPU
		{7CE656AE-6BD8-42AF-964A-E1A2296BC789}.Release|Any CPU.Build.0 = Release|Any CPU
		{7CE656AE-6BD8-42AF-964A-E1A2296BC789}.Release|Mixed Platforms.ActiveCfg = Release|Any CPU
		{7CE656AE-6BD8-42AF-964A-E1A2296BC789}.Release|Mixed Platforms.Build.0 = Release|Any CPU
		{7CE656AE-6BD8-42AF-964A-E1A2296BC789}.Release|x64.ActiveCfg = Release|x64
		{7CE656AE-6BD8-42AF-964A-E1A2296BC789}.Release|x64.Build.0 = Release|x64
		{7CE656AE-6BD8-42AF-964A-E1A2296BC789}.Release|x86.ActiveCfg = Release|Any CPU
		{E75A11B8-00A2-45DE-A5E4-4B8180B5903C}.Debug|Any CPU.ActiveCfg = Debug|Any CPU
		{E75A11B8-00A2-45DE-A5E4-4B8180B5903C}.Debug|Any CPU.Build.0 = Debug|Any CPU
		{E75A11B8-00A2-45DE-A5E4-4B8180B5903C}.Debug|Mixed Platforms.ActiveCfg = Debug|Any CPU
		{E75A11B8-00A2-45DE-A5E4-4B8180B5903C}.Debug|Mixed Platforms.Build.0 = Debug|Any CPU
		{E75A11B8-00A2-45DE-A5E4-4B8180B5903C}.Debug|x64.ActiveCfg = Debug|Any CPU
		{E75A11B8-00A2-45DE-A5E4-4B8180B5903C}.Debug|x86.ActiveCfg = Debug|Any CPU
		{E75A11B8-00A2-45DE-A5E4-4B8180B5903C}.Part1|Any CPU.ActiveCfg = Release|Any CPU
		{E75A11B8-00A2-45DE-A5E4-4B8180B5903C}.Part1|Any CPU.Build.0 = Release|Any CPU
		{E75A11B8-00A2-45DE-A5E4-4B8180B5903C}.Part1|Mixed Platforms.ActiveCfg = Release|Any CPU
		{E75A11B8-00A2-45DE-A5E4-4B8180B5903C}.Part1|Mixed Platforms.Build.0 = Release|Any CPU
		{E75A11B8-00A2-45DE-A5E4-4B8180B5903C}.Part1|x64.ActiveCfg = Release|Any CPU
		{E75A11B8-00A2-45DE-A5E4-4B8180B5903C}.Part1|x86.ActiveCfg = Release|Any CPU
		{E75A11B8-00A2-45DE-A5E4-4B8180B5903C}.Release|Any CPU.ActiveCfg = Release|Any CPU
		{E75A11B8-00A2-45DE-A5E4-4B8180B5903C}.Release|Any CPU.Build.0 = Release|Any CPU
		{E75A11B8-00A2-45DE-A5E4-4B8180B5903C}.Release|Mixed Platforms.ActiveCfg = Release|Any CPU
		{E75A11B8-00A2-45DE-A5E4-4B8180B5903C}.Release|Mixed Platforms.Build.0 = Release|Any CPU
		{E75A11B8-00A2-45DE-A5E4-4B8180B5903C}.Release|x64.ActiveCfg = Release|Any CPU
		{E75A11B8-00A2-45DE-A5E4-4B8180B5903C}.Release|x86.ActiveCfg = Release|Any CPU
		{563D34FC-683D-45BC-BB30-7DE44A61DFBD}.Debug|Any CPU.ActiveCfg = Debug|Any CPU
		{563D34FC-683D-45BC-BB30-7DE44A61DFBD}.Debug|Any CPU.Build.0 = Debug|Any CPU
		{563D34FC-683D-45BC-BB30-7DE44A61DFBD}.Debug|Mixed Platforms.ActiveCfg = Debug|Any CPU
		{563D34FC-683D-45BC-BB30-7DE44A61DFBD}.Debug|Mixed Platforms.Build.0 = Debug|Any CPU
		{563D34FC-683D-45BC-BB30-7DE44A61DFBD}.Debug|x64.ActiveCfg = Debug|Any CPU
		{563D34FC-683D-45BC-BB30-7DE44A61DFBD}.Debug|x86.ActiveCfg = Debug|Any CPU
		{563D34FC-683D-45BC-BB30-7DE44A61DFBD}.Part1|Any CPU.ActiveCfg = Release|Any CPU
		{563D34FC-683D-45BC-BB30-7DE44A61DFBD}.Part1|Any CPU.Build.0 = Release|Any CPU
		{563D34FC-683D-45BC-BB30-7DE44A61DFBD}.Part1|Mixed Platforms.ActiveCfg = Release|Any CPU
		{563D34FC-683D-45BC-BB30-7DE44A61DFBD}.Part1|Mixed Platforms.Build.0 = Release|Any CPU
		{563D34FC-683D-45BC-BB30-7DE44A61DFBD}.Part1|x64.ActiveCfg = Release|Any CPU
		{563D34FC-683D-45BC-BB30-7DE44A61DFBD}.Part1|x86.ActiveCfg = Release|Any CPU
		{563D34FC-683D-45BC-BB30-7DE44A61DFBD}.Release|Any CPU.ActiveCfg = Release|Any CPU
		{563D34FC-683D-45BC-BB30-7DE44A61DFBD}.Release|Any CPU.Build.0 = Release|Any CPU
		{563D34FC-683D-45BC-BB30-7DE44A61DFBD}.Release|Mixed Platforms.ActiveCfg = Release|Any CPU
		{563D34FC-683D-45BC-BB30-7DE44A61DFBD}.Release|Mixed Platforms.Build.0 = Release|Any CPU
		{563D34FC-683D-45BC-BB30-7DE44A61DFBD}.Release|x64.ActiveCfg = Release|Any CPU
		{563D34FC-683D-45BC-BB30-7DE44A61DFBD}.Release|x86.ActiveCfg = Release|Any CPU
		{8B41651D-47CC-416D-93A1-C74B1B01FDB2}.Debug|Any CPU.ActiveCfg = Debug|Any CPU
		{8B41651D-47CC-416D-93A1-C74B1B01FDB2}.Debug|Any CPU.Build.0 = Debug|Any CPU
		{8B41651D-47CC-416D-93A1-C74B1B01FDB2}.Debug|Mixed Platforms.ActiveCfg = Debug|Any CPU
		{8B41651D-47CC-416D-93A1-C74B1B01FDB2}.Debug|Mixed Platforms.Build.0 = Debug|Any CPU
		{8B41651D-47CC-416D-93A1-C74B1B01FDB2}.Debug|x64.ActiveCfg = Debug|Any CPU
		{8B41651D-47CC-416D-93A1-C74B1B01FDB2}.Debug|x86.ActiveCfg = Debug|Any CPU
		{8B41651D-47CC-416D-93A1-C74B1B01FDB2}.Part1|Any CPU.ActiveCfg = Release|Any CPU
		{8B41651D-47CC-416D-93A1-C74B1B01FDB2}.Part1|Any CPU.Build.0 = Release|Any CPU
		{8B41651D-47CC-416D-93A1-C74B1B01FDB2}.Part1|Mixed Platforms.ActiveCfg = Release|Any CPU
		{8B41651D-47CC-416D-93A1-C74B1B01FDB2}.Part1|Mixed Platforms.Build.0 = Release|Any CPU
		{8B41651D-47CC-416D-93A1-C74B1B01FDB2}.Part1|x64.ActiveCfg = Release|Any CPU
		{8B41651D-47CC-416D-93A1-C74B1B01FDB2}.Part1|x86.ActiveCfg = Release|Any CPU
		{8B41651D-47CC-416D-93A1-C74B1B01FDB2}.Release|Any CPU.ActiveCfg = Release|Any CPU
		{8B41651D-47CC-416D-93A1-C74B1B01FDB2}.Release|Any CPU.Build.0 = Release|Any CPU
		{8B41651D-47CC-416D-93A1-C74B1B01FDB2}.Release|Mixed Platforms.ActiveCfg = Release|Any CPU
		{8B41651D-47CC-416D-93A1-C74B1B01FDB2}.Release|Mixed Platforms.Build.0 = Release|Any CPU
		{8B41651D-47CC-416D-93A1-C74B1B01FDB2}.Release|x64.ActiveCfg = Release|Any CPU
		{8B41651D-47CC-416D-93A1-C74B1B01FDB2}.Release|x86.ActiveCfg = Release|Any CPU
		{820E1426-5BAE-4834-88FB-EC407D4E5CC8}.Debug|Any CPU.ActiveCfg = Debug|Any CPU
		{820E1426-5BAE-4834-88FB-EC407D4E5CC8}.Debug|Any CPU.Build.0 = Debug|Any CPU
		{820E1426-5BAE-4834-88FB-EC407D4E5CC8}.Debug|Mixed Platforms.ActiveCfg = Debug|Any CPU
		{820E1426-5BAE-4834-88FB-EC407D4E5CC8}.Debug|Mixed Platforms.Build.0 = Debug|Any CPU
		{820E1426-5BAE-4834-88FB-EC407D4E5CC8}.Debug|x64.ActiveCfg = Debug|Any CPU
		{820E1426-5BAE-4834-88FB-EC407D4E5CC8}.Debug|x86.ActiveCfg = Debug|Any CPU
		{820E1426-5BAE-4834-88FB-EC407D4E5CC8}.Part1|Any CPU.ActiveCfg = Release|Any CPU
		{820E1426-5BAE-4834-88FB-EC407D4E5CC8}.Part1|Any CPU.Build.0 = Release|Any CPU
		{820E1426-5BAE-4834-88FB-EC407D4E5CC8}.Part1|Mixed Platforms.ActiveCfg = Release|Any CPU
		{820E1426-5BAE-4834-88FB-EC407D4E5CC8}.Part1|Mixed Platforms.Build.0 = Release|Any CPU
		{820E1426-5BAE-4834-88FB-EC407D4E5CC8}.Part1|x64.ActiveCfg = Release|Any CPU
		{820E1426-5BAE-4834-88FB-EC407D4E5CC8}.Part1|x86.ActiveCfg = Release|Any CPU
		{820E1426-5BAE-4834-88FB-EC407D4E5CC8}.Release|Any CPU.ActiveCfg = Release|Any CPU
		{820E1426-5BAE-4834-88FB-EC407D4E5CC8}.Release|Any CPU.Build.0 = Release|Any CPU
		{820E1426-5BAE-4834-88FB-EC407D4E5CC8}.Release|Mixed Platforms.ActiveCfg = Release|Any CPU
		{820E1426-5BAE-4834-88FB-EC407D4E5CC8}.Release|Mixed Platforms.Build.0 = Release|Any CPU
		{820E1426-5BAE-4834-88FB-EC407D4E5CC8}.Release|x64.ActiveCfg = Release|Any CPU
		{820E1426-5BAE-4834-88FB-EC407D4E5CC8}.Release|x86.ActiveCfg = Release|Any CPU
		{4E79A19F-C7AB-4542-BB7E-6A7275DC3BEF}.Debug|Any CPU.ActiveCfg = Debug|Any CPU
		{4E79A19F-C7AB-4542-BB7E-6A7275DC3BEF}.Debug|Any CPU.Build.0 = Debug|Any CPU
		{4E79A19F-C7AB-4542-BB7E-6A7275DC3BEF}.Debug|Mixed Platforms.ActiveCfg = Debug|Any CPU
		{4E79A19F-C7AB-4542-BB7E-6A7275DC3BEF}.Debug|Mixed Platforms.Build.0 = Debug|Any CPU
		{4E79A19F-C7AB-4542-BB7E-6A7275DC3BEF}.Debug|x64.ActiveCfg = Debug|Any CPU
		{4E79A19F-C7AB-4542-BB7E-6A7275DC3BEF}.Debug|x86.ActiveCfg = Debug|Any CPU
		{4E79A19F-C7AB-4542-BB7E-6A7275DC3BEF}.Part1|Any CPU.ActiveCfg = Release|Any CPU
		{4E79A19F-C7AB-4542-BB7E-6A7275DC3BEF}.Part1|Any CPU.Build.0 = Release|Any CPU
		{4E79A19F-C7AB-4542-BB7E-6A7275DC3BEF}.Part1|Mixed Platforms.ActiveCfg = Release|Any CPU
		{4E79A19F-C7AB-4542-BB7E-6A7275DC3BEF}.Part1|Mixed Platforms.Build.0 = Release|Any CPU
		{4E79A19F-C7AB-4542-BB7E-6A7275DC3BEF}.Part1|x64.ActiveCfg = Release|Any CPU
		{4E79A19F-C7AB-4542-BB7E-6A7275DC3BEF}.Part1|x86.ActiveCfg = Release|Any CPU
		{4E79A19F-C7AB-4542-BB7E-6A7275DC3BEF}.Release|Any CPU.ActiveCfg = Release|Any CPU
		{4E79A19F-C7AB-4542-BB7E-6A7275DC3BEF}.Release|Any CPU.Build.0 = Release|Any CPU
		{4E79A19F-C7AB-4542-BB7E-6A7275DC3BEF}.Release|Mixed Platforms.ActiveCfg = Release|Any CPU
		{4E79A19F-C7AB-4542-BB7E-6A7275DC3BEF}.Release|Mixed Platforms.Build.0 = Release|Any CPU
		{4E79A19F-C7AB-4542-BB7E-6A7275DC3BEF}.Release|x64.ActiveCfg = Release|Any CPU
		{4E79A19F-C7AB-4542-BB7E-6A7275DC3BEF}.Release|x86.ActiveCfg = Release|Any CPU
		{B44CD67F-7332-45A7-9355-6BD1FCBFB832}.Debug|Any CPU.ActiveCfg = Debug|Any CPU
		{B44CD67F-7332-45A7-9355-6BD1FCBFB832}.Debug|Any CPU.Build.0 = Debug|Any CPU
		{B44CD67F-7332-45A7-9355-6BD1FCBFB832}.Debug|Mixed Platforms.ActiveCfg = Debug|Any CPU
		{B44CD67F-7332-45A7-9355-6BD1FCBFB832}.Debug|Mixed Platforms.Build.0 = Debug|Any CPU
		{B44CD67F-7332-45A7-9355-6BD1FCBFB832}.Debug|x64.ActiveCfg = Debug|Any CPU
		{B44CD67F-7332-45A7-9355-6BD1FCBFB832}.Debug|x86.ActiveCfg = Debug|Any CPU
		{B44CD67F-7332-45A7-9355-6BD1FCBFB832}.Part1|Any CPU.ActiveCfg = Release|Any CPU
		{B44CD67F-7332-45A7-9355-6BD1FCBFB832}.Part1|Any CPU.Build.0 = Release|Any CPU
		{B44CD67F-7332-45A7-9355-6BD1FCBFB832}.Part1|Mixed Platforms.ActiveCfg = Release|Any CPU
		{B44CD67F-7332-45A7-9355-6BD1FCBFB832}.Part1|Mixed Platforms.Build.0 = Release|Any CPU
		{B44CD67F-7332-45A7-9355-6BD1FCBFB832}.Part1|x64.ActiveCfg = Release|Any CPU
		{B44CD67F-7332-45A7-9355-6BD1FCBFB832}.Part1|x86.ActiveCfg = Release|Any CPU
		{B44CD67F-7332-45A7-9355-6BD1FCBFB832}.Release|Any CPU.ActiveCfg = Release|Any CPU
		{B44CD67F-7332-45A7-9355-6BD1FCBFB832}.Release|Any CPU.Build.0 = Release|Any CPU
		{B44CD67F-7332-45A7-9355-6BD1FCBFB832}.Release|Mixed Platforms.ActiveCfg = Release|Any CPU
		{B44CD67F-7332-45A7-9355-6BD1FCBFB832}.Release|Mixed Platforms.Build.0 = Release|Any CPU
		{B44CD67F-7332-45A7-9355-6BD1FCBFB832}.Release|x64.ActiveCfg = Release|Any CPU
		{B44CD67F-7332-45A7-9355-6BD1FCBFB832}.Release|x86.ActiveCfg = Release|Any CPU
	EndGlobalSection
	GlobalSection(SolutionProperties) = preSolution
		HideSolutionNode = FALSE
	EndGlobalSection
	GlobalSection(NestedProjects) = preSolution
		{E5F99333-3E66-4A22-A519-07B78370F322} = {3E43E602-FDDB-427E-8995-FB0474DF2E59}
		{04B4C21D-E554-4369-8C00-BFBBECA0FB2C} = {7E3BB712-B58F-4B80-B9FB-317A8548B69D}
		{28E79461-3161-4130-81B0-2C36CD3A3315} = {7E3BB712-B58F-4B80-B9FB-317A8548B69D}
		{C268EFFD-1C30-4E57-A285-375E61322900} = {0127BB66-D571-4EEE-BF3D-FC269312E3A9}
		{CCC638AD-BFE5-4D81-8690-02086C71F971} = {7E3BB712-B58F-4B80-B9FB-317A8548B69D}
		{E11CC461-44EE-4FE0-84F8-CF36B780339E} = {D4A568B4-8BEF-44CC-B9A2-EC14DA916C19}
		{D29302BA-0421-425C-BA06-DC80C3621A24} = {3E43E602-FDDB-427E-8995-FB0474DF2E59}
		{A022B559-AB8A-4130-98AC-70A68B217C80} = {7E3BB712-B58F-4B80-B9FB-317A8548B69D}
		{FD13AB2F-63FF-4A41-B133-B308553C5180} = {9F4569BB-3287-4863-97F0-AF7677BD5C4C}
		{5D82B585-BBB4-4BD8-B260-F78EE06A4C9C} = {9F4569BB-3287-4863-97F0-AF7677BD5C4C}
		{2A3C4415-B678-4826-97D8-E25E6E63B088} = {7E3BB712-B58F-4B80-B9FB-317A8548B69D}
		{A468315F-FA11-4BC2-8E5F-EA3C48B24C74} = {9F4569BB-3287-4863-97F0-AF7677BD5C4C}
		{12A9479B-4807-47E2-B685-C5CEE50E5B53} = {9F4569BB-3287-4863-97F0-AF7677BD5C4C}
		{FEAFEC49-6F84-4852-9A57-F16DF359B356} = {7E3BB712-B58F-4B80-B9FB-317A8548B69D}
		{55D24EB1-96BB-4902-8240-E9019032DB93} = {7E3BB712-B58F-4B80-B9FB-317A8548B69D}
		{BC6702E0-5487-46A7-878D-A8141A4BD0E1} = {9F4569BB-3287-4863-97F0-AF7677BD5C4C}
		{1E3CB045-476B-45A4-964B-4EFFCFBCA755} = {3E43E602-FDDB-427E-8995-FB0474DF2E59}
		{A559DF9C-CEA8-4CAD-8D9B-7549370E5159} = {7E3BB712-B58F-4B80-B9FB-317A8548B69D}
		{7CE656AE-6BD8-42AF-964A-E1A2296BC789} = {3E43E602-FDDB-427E-8995-FB0474DF2E59}
		{E75A11B8-00A2-45DE-A5E4-4B8180B5903C} = {7E3BB712-B58F-4B80-B9FB-317A8548B69D}
		{563D34FC-683D-45BC-BB30-7DE44A61DFBD} = {7E3BB712-B58F-4B80-B9FB-317A8548B69D}
		{8B41651D-47CC-416D-93A1-C74B1B01FDB2} = {D4A568B4-8BEF-44CC-B9A2-EC14DA916C19}
		{820E1426-5BAE-4834-88FB-EC407D4E5CC8} = {D4A568B4-8BEF-44CC-B9A2-EC14DA916C19}
		{4E79A19F-C7AB-4542-BB7E-6A7275DC3BEF} = {06F3EB5E-BCA9-4C52-A112-D5E2B56FA4C5}
		{B44CD67F-7332-45A7-9355-6BD1FCBFB832} = {06F3EB5E-BCA9-4C52-A112-D5E2B56FA4C5}
	EndGlobalSection
EndGlobal
