
Microsoft Visual Studio Solution File, Format Version 12.00
# Visual Studio 2013
VisualStudioVersion = 12.0.21005.1
MinimumVisualStudioVersion = 10.0.40219.1
Project("{FAE04EC0-301F-11D3-BF4B-00C04F79EFBC}") = "Heiflow.Plugins.Tools", "Heiflow.Processing\Heiflow.Plugins.Tools.csproj", "{E5F99333-3E66-4A22-A519-07B78370F322}"
EndProject
Project("{FAE04EC0-301F-11D3-BF4B-00C04F79EFBC}") = "Heiflow.Controls.WinForm", "Heiflow.Controls\Heiflow.Controls.WinForm.csproj", "{04B4C21D-E554-4369-8C00-BFBBECA0FB2C}"
EndProject
Project("{FAE04EC0-301F-11D3-BF4B-00C04F79EFBC}") = "Heiflow.Models", "Heiflow.Models\Heiflow.Models.csproj", "{28E79461-3161-4130-81B0-2C36CD3A3315}"
EndProject
Project("{2150E333-8FDC-42A3-9474-1A3956D46DE8}") = "Core", "Core", "{7E3BB712-B58F-4B80-B9FB-317A8548B69D}"
EndProject
Project("{2150E333-8FDC-42A3-9474-1A3956D46DE8}") = "Dotspatial", "Dotspatial", "{D4A568B4-8BEF-44CC-B9A2-EC14DA916C19}"
EndProject
Project("{FAE04EC0-301F-11D3-BF4B-00C04F79EFBC}") = "Heiflow.Models.Studio", "Heiflow.Studio\Heiflow.Models.Studio.csproj", "{CCC638AD-BFE5-4D81-8690-02086C71F971}"
EndProject
Project("{FAE04EC0-301F-11D3-BF4B-00C04F79EFBC}") = "DotSpatial.Plugins.AttributeDataExplorer", "DotSpatial.Plugins.AttributeDataExplorer\DotSpatial.Plugins.AttributeDataExplorer.csproj", "{E11CC461-44EE-4FE0-84F8-CF36B780339E}"
EndProject
Project("{FAE04EC0-301F-11D3-BF4B-00C04F79EFBC}") = "Heiflow.Plugins.Menubar", "Heiflow.Plugins.Menubar\Heiflow.Plugins.Menubar.csproj", "{D29302BA-0421-425C-BA06-DC80C3621A24}"
EndProject
Project("{2150E333-8FDC-42A3-9474-1A3956D46DE8}") = "Plugins", "Plugins", "{3E43E602-FDDB-427E-8995-FB0474DF2E59}"
EndProject
Project("{FAE04EC0-301F-11D3-BF4B-00C04F79EFBC}") = "Heiflow.AI", "Heiflow.AI\Heiflow.AI.csproj", "{A022B559-AB8A-4130-98AC-70A68B217C80}"
EndProject
Project("{FAE04EC0-301F-11D3-BF4B-00C04F79EFBC}") = "Heiflow.Applications", "Heiflow.Applications\Heiflow.Applications.csproj", "{FEAFEC49-6F84-4852-9A57-F16DF359B356}"
EndProject
Project("{FAE04EC0-301F-11D3-BF4B-00C04F79EFBC}") = "Heiflow.Presentation", "Heiflow.Presentation\Heiflow.Presentation.csproj", "{55D24EB1-96BB-4902-8240-E9019032DB93}"
EndProject
Project("{FAE04EC0-301F-11D3-BF4B-00C04F79EFBC}") = "Heiflow.Plugins.SplashScreen", "Heiflow.Plugins.SplashScreen\Heiflow.Plugins.SplashScreen.csproj", "{1E3CB045-476B-45A4-964B-4EFFCFBCA755}"
EndProject
Project("{FAE04EC0-301F-11D3-BF4B-00C04F79EFBC}") = "Heiflow.Tools", "Heiflow.Tools\Heiflow.Tools.csproj", "{A559DF9C-CEA8-4CAD-8D9B-7549370E5159}"
EndProject
Project("{FAE04EC0-301F-11D3-BF4B-00C04F79EFBC}") = "Heiflow.Plugins.Default", "Heiflow.Plugins.Default\Heiflow.Plugins.Default.csproj", "{7CE656AE-6BD8-42AF-964A-E1A2296BC789}"
EndProject
Project("{FAE04EC0-301F-11D3-BF4B-00C04F79EFBC}") = "Heiflow.Core", "Heiflow.Core\Heiflow.Core.csproj", "{E75A11B8-00A2-45DE-A5E4-4B8180B5903C}"
EndProject
Project("{FAE04EC0-301F-11D3-BF4B-00C04F79EFBC}") = "Heiflow.Image", "Heiflow.Image\Heiflow.Image.csproj", "{563D34FC-683D-45BC-BB30-7DE44A61DFBD}"
EndProject
Project("{FAE04EC0-301F-11D3-BF4B-00C04F79EFBC}") = "DotSpatial.Plugins.Taudem", "DotSpatial.Plugins.Taudem\DotSpatial.Plugins.Taudem.csproj", "{8B41651D-47CC-416D-93A1-C74B1B01FDB2}"
EndProject
Project("{F184B08F-C81C-45F6-A57F-5ABD9991F28F}") = "DotSpatial.Plugins.Taudem.Port", "DotSpatial.Plugins.Taudem.Port\DotSpatial.Plugins.Taudem.Port.vbproj", "{820E1426-5BAE-4834-88FB-EC407D4E5CC8}"
EndProject
Project("{FAE04EC0-301F-11D3-BF4B-00C04F79EFBC}") = "Heiflow.Spatial", "Heiflow.Spatial\Heiflow.Spatial.csproj", "{2A3C4415-B678-4826-97D8-E25E6E63B088}"
EndProject
Global
	GlobalSection(SolutionConfigurationPlatforms) = preSolution
		Debug|Any CPU = Debug|Any CPU
		Debug|Mixed Platforms = Debug|Mixed Platforms
		Debug|x64 = Debug|x64
		Debug|x86 = Debug|x86
		Part1|Any CPU = Part1|Any CPU
		Part1|Mixed Platforms = Part1|Mixed Platforms
		Part1|x64 = Part1|x64
		Part1|x86 = Part1|x86
		Release|Any CPU = Release|Any CPU
		Release|Mixed Platforms = Release|Mixed Platforms
		Release|x64 = Release|x64
		Release|x86 = Release|x86
	EndGlobalSection
	GlobalSection(ProjectConfigurationPlatforms) = postSolution
		{E5F99333-3E66-4A22-A519-07B78370F322}.Debug|Any CPU.ActiveCfg = Debug|Any CPU
		{E5F99333-3E66-4A22-A519-07B78370F322}.Debug|Any CPU.Build.0 = Debug|Any CPU
		{E5F99333-3E66-4A22-A519-07B78370F322}.Debug|Mixed Platforms.ActiveCfg = Debug|Any CPU
		{E5F99333-3E66-4A22-A519-07B78370F322}.Debug|Mixed Platforms.Build.0 = Debug|Any CPU
		{E5F99333-3E66-4A22-A519-07B78370F322}.Debug|x64.ActiveCfg = Debug|x64
		{E5F99333-3E66-4A22-A519-07B78370F322}.Debug|x64.Build.0 = Debug|x64
		{E5F99333-3E66-4A22-A519-07B78370F322}.Debug|x86.ActiveCfg = Debug|Any CPU
		{E5F99333-3E66-4A22-A519-07B78370F322}.Part1|Any CPU.ActiveCfg = Release|Any CPU
		{E5F99333-3E66-4A22-A519-07B78370F322}.Part1|Any CPU.Build.0 = Release|Any CPU
		{E5F99333-3E66-4A22-A519-07B78370F322}.Part1|Mixed Platforms.ActiveCfg = Release|Any CPU
		{E5F99333-3E66-4A22-A519-07B78370F322}.Part1|Mixed Platforms.Build.0 = Release|Any CPU
		{E5F99333-3E66-4A22-A519-07B78370F322}.Part1|x64.ActiveCfg = Release|x64
		{E5F99333-3E66-4A22-A519-07B78370F322}.Part1|x64.Build.0 = Release|x64
		{E5F99333-3E66-4A22-A519-07B78370F322}.Part1|x86.ActiveCfg = Release|Any CPU
		{E5F99333-3E66-4A22-A519-07B78370F322}.Release|Any CPU.ActiveCfg = Release|Any CPU
		{E5F99333-3E66-4A22-A519-07B78370F322}.Release|Any CPU.Build.0 = Release|Any CPU
		{E5F99333-3E66-4A22-A519-07B78370F322}.Release|Mixed Platforms.ActiveCfg = Release|Any CPU
		{E5F99333-3E66-4A22-A519-07B78370F322}.Release|Mixed Platforms.Build.0 = Release|Any CPU
		{E5F99333-3E66-4A22-A519-07B78370F322}.Release|x64.ActiveCfg = Release|x64
		{E5F99333-3E66-4A22-A519-07B78370F322}.Release|x64.Build.0 = Release|x64
		{E5F99333-3E66-4A22-A519-07B78370F322}.Release|x86.ActiveCfg = Release|Any CPU
		{04B4C21D-E554-4369-8C00-BFBBECA0FB2C}.Debug|Any CPU.ActiveCfg = Debug|Any CPU
		{04B4C21D-E554-4369-8C00-BFBBECA0FB2C}.Debug|Any CPU.Build.0 = Debug|Any CPU
		{04B4C21D-E554-4369-8C00-BFBBECA0FB2C}.Debug|Mixed Platforms.ActiveCfg = Debug|Any CPU
		{04B4C21D-E554-4369-8C00-BFBBECA0FB2C}.Debug|Mixed Platforms.Build.0 = Debug|Any CPU
		{04B4C21D-E554-4369-8C00-BFBBECA0FB2C}.Debug|x64.ActiveCfg = Debug|x64
		{04B4C21D-E554-4369-8C00-BFBBECA0FB2C}.Debug|x64.Build.0 = Debug|x64
		{04B4C21D-E554-4369-8C00-BFBBECA0FB2C}.Debug|x86.ActiveCfg = Debug|Any CPU
		{04B4C21D-E554-4369-8C00-BFBBECA0FB2C}.Part1|Any CPU.ActiveCfg = Release|Any CPU
		{04B4C21D-E554-4369-8C00-BFBBECA0FB2C}.Part1|Any CPU.Build.0 = Release|Any CPU
		{04B4C21D-E554-4369-8C00-BFBBECA0FB2C}.Part1|Mixed Platforms.ActiveCfg = Release|Any CPU
		{04B4C21D-E554-4369-8C00-BFBBECA0FB2C}.Part1|Mixed Platforms.Build.0 = Release|Any CPU
		{04B4C21D-E554-4369-8C00-BFBBECA0FB2C}.Part1|x64.ActiveCfg = Release|x64
		{04B4C21D-E554-4369-8C00-BFBBECA0FB2C}.Part1|x64.Build.0 = Release|x64
		{04B4C21D-E554-4369-8C00-BFBBECA0FB2C}.Part1|x86.ActiveCfg = Release|Any CPU
		{04B4C21D-E554-4369-8C00-BFBBECA0FB2C}.Release|Any CPU.ActiveCfg = Release|Any CPU
		{04B4C21D-E554-4369-8C00-BFBBECA0FB2C}.Release|Any CPU.Build.0 = Release|Any CPU
		{04B4C21D-E554-4369-8C00-BFBBECA0FB2C}.Release|Mixed Platforms.ActiveCfg = Release|Any CPU
		{04B4C21D-E554-4369-8C00-BFBBECA0FB2C}.Release|Mixed Platforms.Build.0 = Release|Any CPU
		{04B4C21D-E554-4369-8C00-BFBBECA0FB2C}.Release|x64.ActiveCfg = Release|x64
		{04B4C21D-E554-4369-8C00-BFBBECA0FB2C}.Release|x64.Build.0 = Release|x64
		{04B4C21D-E554-4369-8C00-BFBBECA0FB2C}.Release|x86.ActiveCfg = Release|Any CPU
		{28E79461-3161-4130-81B0-2C36CD3A3315}.Debug|Any CPU.ActiveCfg = Debug|Any CPU
		{28E79461-3161-4130-81B0-2C36CD3A3315}.Debug|Any CPU.Build.0 = Debug|Any CPU
		{28E79461-3161-4130-81B0-2C36CD3A3315}.Debug|Mixed Platforms.ActiveCfg = Debug|Any CPU
		{28E79461-3161-4130-81B0-2C36CD3A3315}.Debug|Mixed Platforms.Build.0 = Debug|Any CPU
		{28E79461-3161-4130-81B0-2C36CD3A3315}.Debug|x64.ActiveCfg = Debug|x64
		{28E79461-3161-4130-81B0-2C36CD3A3315}.Debug|x64.Build.0 = Debug|x64
		{28E79461-3161-4130-81B0-2C36CD3A3315}.Debug|x86.ActiveCfg = Debug|Any CPU
		{28E79461-3161-4130-81B0-2C36CD3A3315}.Part1|Any CPU.ActiveCfg = Release|Any CPU
		{28E79461-3161-4130-81B0-2C36CD3A3315}.Part1|Any CPU.Build.0 = Release|Any CPU
		{28E79461-3161-4130-81B0-2C36CD3A3315}.Part1|Mixed Platforms.ActiveCfg = Release|Any CPU
		{28E79461-3161-4130-81B0-2C36CD3A3315}.Part1|Mixed Platforms.Build.0 = Release|Any CPU
		{28E79461-3161-4130-81B0-2C36CD3A3315}.Part1|x64.ActiveCfg = Release|x64
		{28E79461-3161-4130-81B0-2C36CD3A3315}.Part1|x64.Build.0 = Release|x64
		{28E79461-3161-4130-81B0-2C36CD3A3315}.Part1|x86.ActiveCfg = Release|Any CPU
		{28E79461-3161-4130-81B0-2C36CD3A3315}.Release|Any CPU.ActiveCfg = Release|Any CPU
		{28E79461-3161-4130-81B0-2C36CD3A3315}.Release|Any CPU.Build.0 = Release|Any CPU
		{28E79461-3161-4130-81B0-2C36CD3A3315}.Release|Mixed Platforms.ActiveCfg = Release|Any CPU
		{28E79461-3161-4130-81B0-2C36CD3A3315}.Release|Mixed Platforms.Build.0 = Release|Any CPU
		{28E79461-3161-4130-81B0-2C36CD3A3315}.Release|x64.ActiveCfg = Release|x64
		{28E79461-3161-4130-81B0-2C36CD3A3315}.Release|x64.Build.0 = Release|x64
		{28E79461-3161-4130-81B0-2C36CD3A3315}.Release|x86.ActiveCfg = Release|Any CPU
		{CCC638AD-BFE5-4D81-8690-02086C71F971}.Debug|Any CPU.ActiveCfg = Debug|Any CPU
		{CCC638AD-BFE5-4D81-8690-02086C71F971}.Debug|Any CPU.Build.0 = Debug|Any CPU
		{CCC638AD-BFE5-4D81-8690-02086C71F971}.Debug|Mixed Platforms.ActiveCfg = Debug|Any CPU
		{CCC638AD-BFE5-4D81-8690-02086C71F971}.Debug|Mixed Platforms.Build.0 = Debug|Any CPU
		{CCC638AD-BFE5-4D81-8690-02086C71F971}.Debug|x64.ActiveCfg = Debug|x64
		{CCC638AD-BFE5-4D81-8690-02086C71F971}.Debug|x64.Build.0 = Debug|x64
		{CCC638AD-BFE5-4D81-8690-02086C71F971}.Debug|x86.ActiveCfg = Debug|Any CPU
		{CCC638AD-BFE5-4D81-8690-02086C71F971}.Part1|Any CPU.ActiveCfg = Release|Any CPU
		{CCC638AD-BFE5-4D81-8690-02086C71F971}.Part1|Any CPU.Build.0 = Release|Any CPU
		{CCC638AD-BFE5-4D81-8690-02086C71F971}.Part1|Mixed Platforms.ActiveCfg = Release|Any CPU
		{CCC638AD-BFE5-4D81-8690-02086C71F971}.Part1|Mixed Platforms.Build.0 = Release|Any CPU
		{CCC638AD-BFE5-4D81-8690-02086C71F971}.Part1|x64.ActiveCfg = Release|x64
		{CCC638AD-BFE5-4D81-8690-02086C71F971}.Part1|x64.Build.0 = Release|x64
		{CCC638AD-BFE5-4D81-8690-02086C71F971}.Part1|x86.ActiveCfg = Release|Any CPU
		{CCC638AD-BFE5-4D81-8690-02086C71F971}.Release|Any CPU.ActiveCfg = Release|Any CPU
		{CCC638AD-BFE5-4D81-8690-02086C71F971}.Release|Any CPU.Build.0 = Release|Any CPU
		{CCC638AD-BFE5-4D81-8690-02086C71F971}.Release|Mixed Platforms.ActiveCfg = Release|Any CPU
		{CCC638AD-BFE5-4D81-8690-02086C71F971}.Release|Mixed Platforms.Build.0 = Release|Any CPU
		{CCC638AD-BFE5-4D81-8690-02086C71F971}.Release|x64.ActiveCfg = Release|x64
		{CCC638AD-BFE5-4D81-8690-02086C71F971}.Release|x64.Build.0 = Release|x64
		{CCC638AD-BFE5-4D81-8690-02086C71F971}.Release|x86.ActiveCfg = Release|Any CPU
		{E11CC461-44EE-4FE0-84F8-CF36B780339E}.Debug|Any CPU.ActiveCfg = Debug|Any CPU
		{E11CC461-44EE-4FE0-84F8-CF36B780339E}.Debug|Mixed Platforms.ActiveCfg = Debug|Any CPU
		{E11CC461-44EE-4FE0-84F8-CF36B780339E}.Debug|Mixed Platforms.Build.0 = Debug|Any CPU
		{E11CC461-44EE-4FE0-84F8-CF36B780339E}.Debug|x64.ActiveCfg = Debug|Any CPU
		{E11CC461-44EE-4FE0-84F8-CF36B780339E}.Debug|x64.Build.0 = Debug|Any CPU
		{E11CC461-44EE-4FE0-84F8-CF36B780339E}.Debug|x86.ActiveCfg = Debug|Any CPU
		{E11CC461-44EE-4FE0-84F8-CF36B780339E}.Part1|Any CPU.ActiveCfg = Release|Any CPU
		{E11CC461-44EE-4FE0-84F8-CF36B780339E}.Part1|Any CPU.Build.0 = Release|Any CPU
		{E11CC461-44EE-4FE0-84F8-CF36B780339E}.Part1|Mixed Platforms.ActiveCfg = Release|Any CPU
		{E11CC461-44EE-4FE0-84F8-CF36B780339E}.Part1|Mixed Platforms.Build.0 = Release|Any CPU
		{E11CC461-44EE-4FE0-84F8-CF36B780339E}.Part1|x64.ActiveCfg = Debug|x64
		{E11CC461-44EE-4FE0-84F8-CF36B780339E}.Part1|x64.Build.0 = Debug|x64
		{E11CC461-44EE-4FE0-84F8-CF36B780339E}.Part1|x86.ActiveCfg = Release|Any CPU
		{E11CC461-44EE-4FE0-84F8-CF36B780339E}.Release|Any CPU.ActiveCfg = Release|Any CPU
		{E11CC461-44EE-4FE0-84F8-CF36B780339E}.Release|Any CPU.Build.0 = Release|Any CPU
		{E11CC461-44EE-4FE0-84F8-CF36B780339E}.Release|Mixed Platforms.ActiveCfg = Release|Any CPU
		{E11CC461-44EE-4FE0-84F8-CF36B780339E}.Release|Mixed Platforms.Build.0 = Release|Any CPU
		{E11CC461-44EE-4FE0-84F8-CF36B780339E}.Release|x64.ActiveCfg = Release|x64
		{E11CC461-44EE-4FE0-84F8-CF36B780339E}.Release|x86.ActiveCfg = Release|Any CPU
		{D29302BA-0421-425C-BA06-DC80C3621A24}.Debug|Any CPU.ActiveCfg = Debug|Any CPU
		{D29302BA-0421-425C-BA06-DC80C3621A24}.Debug|Any CPU.Build.0 = Debug|Any CPU
		{D29302BA-0421-425C-BA06-DC80C3621A24}.Debug|Mixed Platforms.ActiveCfg = Debug|Any CPU
		{D29302BA-0421-425C-BA06-DC80C3621A24}.Debug|Mixed Platforms.Build.0 = Debug|Any CPU
		{D29302BA-0421-425C-BA06-DC80C3621A24}.Debug|x64.ActiveCfg = Debug|Any CPU
		{D29302BA-0421-425C-BA06-DC80C3621A24}.Debug|x86.ActiveCfg = Debug|Any CPU
		{D29302BA-0421-425C-BA06-DC80C3621A24}.Part1|Any CPU.ActiveCfg = Release|Any CPU
		{D29302BA-0421-425C-BA06-DC80C3621A24}.Part1|Any CPU.Build.0 = Release|Any CPU
		{D29302BA-0421-425C-BA06-DC80C3621A24}.Part1|Mixed Platforms.ActiveCfg = Release|Any CPU
		{D29302BA-0421-425C-BA06-DC80C3621A24}.Part1|Mixed Platforms.Build.0 = Release|Any CPU
		{D29302BA-0421-425C-BA06-DC80C3621A24}.Part1|x64.ActiveCfg = Release|Any CPU
		{D29302BA-0421-425C-BA06-DC80C3621A24}.Part1|x86.ActiveCfg = Release|Any CPU
		{D29302BA-0421-425C-BA06-DC80C3621A24}.Release|Any CPU.ActiveCfg = Release|Any CPU
		{D29302BA-0421-425C-BA06-DC80C3621A24}.Release|Any CPU.Build.0 = Release|Any CPU
		{D29302BA-0421-425C-BA06-DC80C3621A24}.Release|Mixed Platforms.ActiveCfg = Release|Any CPU
		{D29302BA-0421-425C-BA06-DC80C3621A24}.Release|Mixed Platforms.Build.0 = Release|Any CPU
		{D29302BA-0421-425C-BA06-DC80C3621A24}.Release|x64.ActiveCfg = Release|Any CPU
		{D29302BA-0421-425C-BA06-DC80C3621A24}.Release|x86.ActiveCfg = Release|Any CPU
		{A022B559-AB8A-4130-98AC-70A68B217C80}.Debug|Any CPU.ActiveCfg = Debug|Any CPU
		{A022B559-AB8A-4130-98AC-70A68B217C80}.Debug|Any CPU.Build.0 = Debug|Any CPU
		{A022B559-AB8A-4130-98AC-70A68B217C80}.Debug|Mixed Platforms.ActiveCfg = Debug|Any CPU
		{A022B559-AB8A-4130-98AC-70A68B217C80}.Debug|Mixed Platforms.Build.0 = Debug|Any CPU
		{A022B559-AB8A-4130-98AC-70A68B217C80}.Debug|x64.ActiveCfg = Debug|Any CPU
		{A022B559-AB8A-4130-98AC-70A68B217C80}.Debug|x86.ActiveCfg = Debug|Any CPU
		{A022B559-AB8A-4130-98AC-70A68B217C80}.Part1|Any CPU.ActiveCfg = Release|Any CPU
		{A022B559-AB8A-4130-98AC-70A68B217C80}.Part1|Any CPU.Build.0 = Release|Any CPU
		{A022B559-AB8A-4130-98AC-70A68B217C80}.Part1|Mixed Platforms.ActiveCfg = Release|Any CPU
		{A022B559-AB8A-4130-98AC-70A68B217C80}.Part1|Mixed Platforms.Build.0 = Release|Any CPU
		{A022B559-AB8A-4130-98AC-70A68B217C80}.Part1|x64.ActiveCfg = Release|Any CPU
		{A022B559-AB8A-4130-98AC-70A68B217C80}.Part1|x86.ActiveCfg = Release|Any CPU
		{A022B559-AB8A-4130-98AC-70A68B217C80}.Release|Any CPU.ActiveCfg = Release|Any CPU
		{A022B559-AB8A-4130-98AC-70A68B217C80}.Release|Any CPU.Build.0 = Release|Any CPU
		{A022B559-AB8A-4130-98AC-70A68B217C80}.Release|Mixed Platforms.ActiveCfg = Release|Any CPU
		{A022B559-AB8A-4130-98AC-70A68B217C80}.Release|Mixed Platforms.Build.0 = Release|Any CPU
		{A022B559-AB8A-4130-98AC-70A68B217C80}.Release|x64.ActiveCfg = Release|Any CPU
		{A022B559-AB8A-4130-98AC-70A68B217C80}.Release|x86.ActiveCfg = Release|Any CPU
		{FEAFEC49-6F84-4852-9A57-F16DF359B356}.Debug|Any CPU.ActiveCfg = Debug|Any CPU
		{FEAFEC49-6F84-4852-9A57-F16DF359B356}.Debug|Any CPU.Build.0 = Debug|Any CPU
		{FEAFEC49-6F84-4852-9A57-F16DF359B356}.Debug|Mixed Platforms.ActiveCfg = Debug|Any CPU
		{FEAFEC49-6F84-4852-9A57-F16DF359B356}.Debug|Mixed Platforms.Build.0 = Debug|Any CPU
		{FEAFEC49-6F84-4852-9A57-F16DF359B356}.Debug|x64.ActiveCfg = Debug|Any CPU
		{FEAFEC49-6F84-4852-9A57-F16DF359B356}.Debug|x86.ActiveCfg = Debug|Any CPU
		{FEAFEC49-6F84-4852-9A57-F16DF359B356}.Part1|Any CPU.ActiveCfg = Release|Any CPU
		{FEAFEC49-6F84-4852-9A57-F16DF359B356}.Part1|Any CPU.Build.0 = Release|Any CPU
		{FEAFEC49-6F84-4852-9A57-F16DF359B356}.Part1|Mixed Platforms.ActiveCfg = Release|Any CPU
		{FEAFEC49-6F84-4852-9A57-F16DF359B356}.Part1|Mixed Platforms.Build.0 = Release|Any CPU
		{FEAFEC49-6F84-4852-9A57-F16DF359B356}.Part1|x64.ActiveCfg = Release|Any CPU
		{FEAFEC49-6F84-4852-9A57-F16DF359B356}.Part1|x86.ActiveCfg = Release|Any CPU
		{FEAFEC49-6F84-4852-9A57-F16DF359B356}.Release|Any CPU.ActiveCfg = Release|Any CPU
		{FEAFEC49-6F84-4852-9A57-F16DF359B356}.Release|Any CPU.Build.0 = Release|Any CPU
		{FEAFEC49-6F84-4852-9A57-F16DF359B356}.Release|Mixed Platforms.ActiveCfg = Release|Any CPU
		{FEAFEC49-6F84-4852-9A57-F16DF359B356}.Release|Mixed Platforms.Build.0 = Release|Any CPU
		{FEAFEC49-6F84-4852-9A57-F16DF359B356}.Release|x64.ActiveCfg = Release|Any CPU
		{FEAFEC49-6F84-4852-9A57-F16DF359B356}.Release|x86.ActiveCfg = Release|Any CPU
		{55D24EB1-96BB-4902-8240-E9019032DB93}.Debug|Any CPU.ActiveCfg = Debug|Any CPU
		{55D24EB1-96BB-4902-8240-E9019032DB93}.Debug|Any CPU.Build.0 = Debug|Any CPU
		{55D24EB1-96BB-4902-8240-E9019032DB93}.Debug|Mixed Platforms.ActiveCfg = Debug|Any CPU
		{55D24EB1-96BB-4902-8240-E9019032DB93}.Debug|Mixed Platforms.Build.0 = Debug|Any CPU
		{55D24EB1-96BB-4902-8240-E9019032DB93}.Debug|x64.ActiveCfg = Debug|Any CPU
		{55D24EB1-96BB-4902-8240-E9019032DB93}.Debug|x86.ActiveCfg = Debug|Any CPU
		{55D24EB1-96BB-4902-8240-E9019032DB93}.Part1|Any CPU.ActiveCfg = Release|Any CPU
		{55D24EB1-96BB-4902-8240-E9019032DB93}.Part1|Any CPU.Build.0 = Release|Any CPU
		{55D24EB1-96BB-4902-8240-E9019032DB93}.Part1|Mixed Platforms.ActiveCfg = Release|Any CPU
		{55D24EB1-96BB-4902-8240-E9019032DB93}.Part1|Mixed Platforms.Build.0 = Release|Any CPU
		{55D24EB1-96BB-4902-8240-E9019032DB93}.Part1|x64.ActiveCfg = Release|Any CPU
		{55D24EB1-96BB-4902-8240-E9019032DB93}.Part1|x86.ActiveCfg = Release|Any CPU
		{55D24EB1-96BB-4902-8240-E9019032DB93}.Release|Any CPU.ActiveCfg = Release|Any CPU
		{55D24EB1-96BB-4902-8240-E9019032DB93}.Release|Any CPU.Build.0 = Release|Any CPU
		{55D24EB1-96BB-4902-8240-E9019032DB93}.Release|Mixed Platforms.ActiveCfg = Release|Any CPU
		{55D24EB1-96BB-4902-8240-E9019032DB93}.Release|Mixed Platforms.Build.0 = Release|Any CPU
		{55D24EB1-96BB-4902-8240-E9019032DB93}.Release|x64.ActiveCfg = Release|Any CPU
		{55D24EB1-96BB-4902-8240-E9019032DB93}.Release|x86.ActiveCfg = Release|Any CPU
		{1E3CB045-476B-45A4-964B-4EFFCFBCA755}.Debug|Any CPU.ActiveCfg = Debug|Any CPU
		{1E3CB045-476B-45A4-964B-4EFFCFBCA755}.Debug|Any CPU.Build.0 = Debug|Any CPU
		{1E3CB045-476B-45A4-964B-4EFFCFBCA755}.Debug|Mixed Platforms.ActiveCfg = Debug|Any CPU
		{1E3CB045-476B-45A4-964B-4EFFCFBCA755}.Debug|Mixed Platforms.Build.0 = Debug|Any CPU
		{1E3CB045-476B-45A4-964B-4EFFCFBCA755}.Debug|x64.ActiveCfg = Debug|Any CPU
		{1E3CB045-476B-45A4-964B-4EFFCFBCA755}.Debug|x86.ActiveCfg = Debug|Any CPU
		{1E3CB045-476B-45A4-964B-4EFFCFBCA755}.Part1|Any CPU.ActiveCfg = Release|Any CPU
		{1E3CB045-476B-45A4-964B-4EFFCFBCA755}.Part1|Any CPU.Build.0 = Release|Any CPU
		{1E3CB045-476B-45A4-964B-4EFFCFBCA755}.Part1|Mixed Platforms.ActiveCfg = Release|Any CPU
		{1E3CB045-476B-45A4-964B-4EFFCFBCA755}.Part1|Mixed Platforms.Build.0 = Release|Any CPU
		{1E3CB045-476B-45A4-964B-4EFFCFBCA755}.Part1|x64.ActiveCfg = Release|Any CPU
		{1E3CB045-476B-45A4-964B-4EFFCFBCA755}.Part1|x86.ActiveCfg = Release|Any CPU
		{1E3CB045-476B-45A4-964B-4EFFCFBCA755}.Release|Any CPU.ActiveCfg = Release|Any CPU
		{1E3CB045-476B-45A4-964B-4EFFCFBCA755}.Release|Any CPU.Build.0 = Release|Any CPU
		{1E3CB045-476B-45A4-964B-4EFFCFBCA755}.Release|Mixed Platforms.ActiveCfg = Release|Any CPU
		{1E3CB045-476B-45A4-964B-4EFFCFBCA755}.Release|Mixed Platforms.Build.0 = Release|Any CPU
		{1E3CB045-476B-45A4-964B-4EFFCFBCA755}.Release|x64.ActiveCfg = Release|Any CPU
		{1E3CB045-476B-45A4-964B-4EFFCFBCA755}.Release|x86.ActiveCfg = Release|Any CPU
		{A559DF9C-CEA8-4CAD-8D9B-7549370E5159}.Debug|Any CPU.ActiveCfg = Debug|Any CPU
		{A559DF9C-CEA8-4CAD-8D9B-7549370E5159}.Debug|Any CPU.Build.0 = Debug|Any CPU
		{A559DF9C-CEA8-4CAD-8D9B-7549370E5159}.Debug|Mixed Platforms.ActiveCfg = Debug|Any CPU
		{A559DF9C-CEA8-4CAD-8D9B-7549370E5159}.Debug|Mixed Platforms.Build.0 = Debug|Any CPU
		{A559DF9C-CEA8-4CAD-8D9B-7549370E5159}.Debug|x64.ActiveCfg = Debug|Any CPU
		{A559DF9C-CEA8-4CAD-8D9B-7549370E5159}.Debug|x86.ActiveCfg = Debug|Any CPU
		{A559DF9C-CEA8-4CAD-8D9B-7549370E5159}.Part1|Any CPU.ActiveCfg = Release|Any CPU
		{A559DF9C-CEA8-4CAD-8D9B-7549370E5159}.Part1|Any CPU.Build.0 = Release|Any CPU
		{A559DF9C-CEA8-4CAD-8D9B-7549370E5159}.Part1|Mixed Platforms.ActiveCfg = Release|Any CPU
		{A559DF9C-CEA8-4CAD-8D9B-7549370E5159}.Part1|Mixed Platforms.Build.0 = Release|Any CPU
		{A559DF9C-CEA8-4CAD-8D9B-7549370E5159}.Part1|x64.ActiveCfg = Release|Any CPU
		{A559DF9C-CEA8-4CAD-8D9B-7549370E5159}.Part1|x86.ActiveCfg = Release|Any CPU
		{A559DF9C-CEA8-4CAD-8D9B-7549370E5159}.Release|Any CPU.ActiveCfg = Release|Any CPU
		{A559DF9C-CEA8-4CAD-8D9B-7549370E5159}.Release|Any CPU.Build.0 = Release|Any CPU
		{A559DF9C-CEA8-4CAD-8D9B-7549370E5159}.Release|Mixed Platforms.ActiveCfg = Release|Any CPU
		{A559DF9C-CEA8-4CAD-8D9B-7549370E5159}.Release|Mixed Platforms.Build.0 = Release|Any CPU
		{A559DF9C-CEA8-4CAD-8D9B-7549370E5159}.Release|x64.ActiveCfg = Release|Any CPU
		{A559DF9C-CEA8-4CAD-8D9B-7549370E5159}.Release|x86.ActiveCfg = Release|Any CPU
		{7CE656AE-6BD8-42AF-964A-E1A2296BC789}.Debug|Any CPU.ActiveCfg = Debug|Any CPU
		{7CE656AE-6BD8-42AF-964A-E1A2296BC789}.Debug|Any CPU.Build.0 = Debug|Any CPU
		{7CE656AE-6BD8-42AF-964A-E1A2296BC789}.Debug|Mixed Platforms.ActiveCfg = Debug|Any CPU
		{7CE656AE-6BD8-42AF-964A-E1A2296BC789}.Debug|Mixed Platforms.Build.0 = Debug|Any CPU
		{7CE656AE-6BD8-42AF-964A-E1A2296BC789}.Debug|x64.ActiveCfg = Debug|x64
		{7CE656AE-6BD8-42AF-964A-E1A2296BC789}.Debug|x64.Build.0 = Debug|x64
		{7CE656AE-6BD8-42AF-964A-E1A2296BC789}.Debug|x86.ActiveCfg = Debug|Any CPU
		{7CE656AE-6BD8-42AF-964A-E1A2296BC789}.Part1|Any CPU.ActiveCfg = Release|Any CPU
		{7CE656AE-6BD8-42AF-964A-E1A2296BC789}.Part1|Any CPU.Build.0 = Release|Any CPU
		{7CE656AE-6BD8-42AF-964A-E1A2296BC789}.Part1|Mixed Platforms.ActiveCfg = Release|Any CPU
		{7CE656AE-6BD8-42AF-964A-E1A2296BC789}.Part1|Mixed Platforms.Build.0 = Release|Any CPU
		{7CE656AE-6BD8-42AF-964A-E1A2296BC789}.Part1|x64.ActiveCfg = Release|x64
		{7CE656AE-6BD8-42AF-964A-E1A2296BC789}.Part1|x64.Build.0 = Release|x64
		{7CE656AE-6BD8-42AF-964A-E1A2296BC789}.Part1|x86.ActiveCfg = Release|Any CPU
		{7CE656AE-6BD8-42AF-964A-E1A2296BC789}.Release|Any CPU.ActiveCfg = Release|Any CPU
		{7CE656AE-6BD8-42AF-964A-E1A2296BC789}.Release|Any CPU.Build.0 = Release|Any CPU
		{7CE656AE-6BD8-42AF-964A-E1A2296BC789}.Release|Mixed Platforms.ActiveCfg = Release|Any CPU
		{7CE656AE-6BD8-42AF-964A-E1A2296BC789}.Release|Mixed Platforms.Build.0 = Release|Any CPU
		{7CE656AE-6BD8-42AF-964A-E1A2296BC789}.Release|x64.ActiveCfg = Release|x64
		{7CE656AE-6BD8-42AF-964A-E1A2296BC789}.Release|x64.Build.0 = Release|x64
		{7CE656AE-6BD8-42AF-964A-E1A2296BC789}.Release|x86.ActiveCfg = Release|Any CPU
		{E75A11B8-00A2-45DE-A5E4-4B8180B5903C}.Debug|Any CPU.ActiveCfg = Debug|Any CPU
		{E75A11B8-00A2-45DE-A5E4-4B8180B5903C}.Debug|Any CPU.Build.0 = Debug|Any CPU
		{E75A11B8-00A2-45DE-A5E4-4B8180B5903C}.Debug|Mixed Platforms.ActiveCfg = Debug|Any CPU
		{E75A11B8-00A2-45DE-A5E4-4B8180B5903C}.Debug|Mixed Platforms.Build.0 = Debug|Any CPU
		{E75A11B8-00A2-45DE-A5E4-4B8180B5903C}.Debug|x64.ActiveCfg = Debug|Any CPU
		{E75A11B8-00A2-45DE-A5E4-4B8180B5903C}.Debug|x86.ActiveCfg = Debug|Any CPU
		{E75A11B8-00A2-45DE-A5E4-4B8180B5903C}.Part1|Any CPU.ActiveCfg = Release|Any CPU
		{E75A11B8-00A2-45DE-A5E4-4B8180B5903C}.Part1|Any CPU.Build.0 = Release|Any CPU
		{E75A11B8-00A2-45DE-A5E4-4B8180B5903C}.Part1|Mixed Platforms.ActiveCfg = Release|Any CPU
		{E75A11B8-00A2-45DE-A5E4-4B8180B5903C}.Part1|Mixed Platforms.Build.0 = Release|Any CPU
		{E75A11B8-00A2-45DE-A5E4-4B8180B5903C}.Part1|x64.ActiveCfg = Release|Any CPU
		{E75A11B8-00A2-45DE-A5E4-4B8180B5903C}.Part1|x86.ActiveCfg = Release|Any CPU
		{E75A11B8-00A2-45DE-A5E4-4B8180B5903C}.Release|Any CPU.ActiveCfg = Release|Any CPU
		{E75A11B8-00A2-45DE-A5E4-4B8180B5903C}.Release|Any CPU.Build.0 = Release|Any CPU
		{E75A11B8-00A2-45DE-A5E4-4B8180B5903C}.Release|Mixed Platforms.ActiveCfg = Release|Any CPU
		{E75A11B8-00A2-45DE-A5E4-4B8180B5903C}.Release|Mixed Platforms.Build.0 = Release|Any CPU
		{E75A11B8-00A2-45DE-A5E4-4B8180B5903C}.Release|x64.ActiveCfg = Release|Any CPU
		{E75A11B8-00A2-45DE-A5E4-4B8180B5903C}.Release|x86.ActiveCfg = Release|Any CPU
		{563D34FC-683D-45BC-BB30-7DE44A61DFBD}.Debug|Any CPU.ActiveCfg = Debug|Any CPU
		{563D34FC-683D-45BC-BB30-7DE44A61DFBD}.Debug|Any CPU.Build.0 = Debug|Any CPU
		{563D34FC-683D-45BC-BB30-7DE44A61DFBD}.Debug|Mixed Platforms.ActiveCfg = Debug|Any CPU
		{563D34FC-683D-45BC-BB30-7DE44A61DFBD}.Debug|Mixed Platforms.Build.0 = Debug|Any CPU
		{563D34FC-683D-45BC-BB30-7DE44A61DFBD}.Debug|x64.ActiveCfg = Debug|Any CPU
		{563D34FC-683D-45BC-BB30-7DE44A61DFBD}.Debug|x86.ActiveCfg = Debug|Any CPU
		{563D34FC-683D-45BC-BB30-7DE44A61DFBD}.Part1|Any CPU.ActiveCfg = Release|Any CPU
		{563D34FC-683D-45BC-BB30-7DE44A61DFBD}.Part1|Any CPU.Build.0 = Release|Any CPU
		{563D34FC-683D-45BC-BB30-7DE44A61DFBD}.Part1|Mixed Platforms.ActiveCfg = Release|Any CPU
		{563D34FC-683D-45BC-BB30-7DE44A61DFBD}.Part1|Mixed Platforms.Build.0 = Release|Any CPU
		{563D34FC-683D-45BC-BB30-7DE44A61DFBD}.Part1|x64.ActiveCfg = Release|Any CPU
		{563D34FC-683D-45BC-BB30-7DE44A61DFBD}.Part1|x86.ActiveCfg = Release|Any CPU
		{563D34FC-683D-45BC-BB30-7DE44A61DFBD}.Release|Any CPU.ActiveCfg = Release|Any CPU
		{563D34FC-683D-45BC-BB30-7DE44A61DFBD}.Release|Any CPU.Build.0 = Release|Any CPU
		{563D34FC-683D-45BC-BB30-7DE44A61DFBD}.Release|Mixed Platforms.ActiveCfg = Release|Any CPU
		{563D34FC-683D-45BC-BB30-7DE44A61DFBD}.Release|Mixed Platforms.Build.0 = Release|Any CPU
		{563D34FC-683D-45BC-BB30-7DE44A61DFBD}.Release|x64.ActiveCfg = Release|Any CPU
		{563D34FC-683D-45BC-BB30-7DE44A61DFBD}.Release|x86.ActiveCfg = Release|Any CPU
		{8B41651D-47CC-416D-93A1-C74B1B01FDB2}.Debug|Any CPU.ActiveCfg = Debug|Any CPU
		{8B41651D-47CC-416D-93A1-C74B1B01FDB2}.Debug|Any CPU.Build.0 = Debug|Any CPU
		{8B41651D-47CC-416D-93A1-C74B1B01FDB2}.Debug|Mixed Platforms.ActiveCfg = Debug|Any CPU
		{8B41651D-47CC-416D-93A1-C74B1B01FDB2}.Debug|Mixed Platforms.Build.0 = Debug|Any CPU
		{8B41651D-47CC-416D-93A1-C74B1B01FDB2}.Debug|x64.ActiveCfg = Debug|Any CPU
		{8B41651D-47CC-416D-93A1-C74B1B01FDB2}.Debug|x86.ActiveCfg = Debug|Any CPU
		{8B41651D-47CC-416D-93A1-C74B1B01FDB2}.Part1|Any CPU.ActiveCfg = Release|Any CPU
		{8B41651D-47CC-416D-93A1-C74B1B01FDB2}.Part1|Any CPU.Build.0 = Release|Any CPU
		{8B41651D-47CC-416D-93A1-C74B1B01FDB2}.Part1|Mixed Platforms.ActiveCfg = Release|Any CPU
		{8B41651D-47CC-416D-93A1-C74B1B01FDB2}.Part1|Mixed Platforms.Build.0 = Release|Any CPU
		{8B41651D-47CC-416D-93A1-C74B1B01FDB2}.Part1|x64.ActiveCfg = Release|Any CPU
		{8B41651D-47CC-416D-93A1-C74B1B01FDB2}.Part1|x86.ActiveCfg = Release|Any CPU
		{8B41651D-47CC-416D-93A1-C74B1B01FDB2}.Release|Any CPU.ActiveCfg = Release|Any CPU
		{8B41651D-47CC-416D-93A1-C74B1B01FDB2}.Release|Any CPU.Build.0 = Release|Any CPU
		{8B41651D-47CC-416D-93A1-C74B1B01FDB2}.Release|Mixed Platforms.ActiveCfg = Release|Any CPU
		{8B41651D-47CC-416D-93A1-C74B1B01FDB2}.Release|Mixed Platforms.Build.0 = Release|Any CPU
		{8B41651D-47CC-416D-93A1-C74B1B01FDB2}.Release|x64.ActiveCfg = Release|Any CPU
		{8B41651D-47CC-416D-93A1-C74B1B01FDB2}.Release|x86.ActiveCfg = Release|Any CPU
		{820E1426-5BAE-4834-88FB-EC407D4E5CC8}.Debug|Any CPU.ActiveCfg = Debug|Any CPU
		{820E1426-5BAE-4834-88FB-EC407D4E5CC8}.Debug|Any CPU.Build.0 = Debug|Any CPU
		{820E1426-5BAE-4834-88FB-EC407D4E5CC8}.Debug|Mixed Platforms.ActiveCfg = Debug|Any CPU
		{820E1426-5BAE-4834-88FB-EC407D4E5CC8}.Debug|Mixed Platforms.Build.0 = Debug|Any CPU
		{820E1426-5BAE-4834-88FB-EC407D4E5CC8}.Debug|x64.ActiveCfg = Debug|Any CPU
		{820E1426-5BAE-4834-88FB-EC407D4E5CC8}.Debug|x86.ActiveCfg = Debug|Any CPU
		{820E1426-5BAE-4834-88FB-EC407D4E5CC8}.Part1|Any CPU.ActiveCfg = Release|Any CPU
		{820E1426-5BAE-4834-88FB-EC407D4E5CC8}.Part1|Any CPU.Build.0 = Release|Any CPU
		{820E1426-5BAE-4834-88FB-EC407D4E5CC8}.Part1|Mixed Platforms.ActiveCfg = Release|Any CPU
		{820E1426-5BAE-4834-88FB-EC407D4E5CC8}.Part1|Mixed Platforms.Build.0 = Release|Any CPU
		{820E1426-5BAE-4834-88FB-EC407D4E5CC8}.Part1|x64.ActiveCfg = Release|Any CPU
		{820E1426-5BAE-4834-88FB-EC407D4E5CC8}.Part1|x86.ActiveCfg = Release|Any CPU
		{820E1426-5BAE-4834-88FB-EC407D4E5CC8}.Release|Any CPU.ActiveCfg = Release|Any CPU
		{820E1426-5BAE-4834-88FB-EC407D4E5CC8}.Release|Any CPU.Build.0 = Release|Any CPU
		{820E1426-5BAE-4834-88FB-EC407D4E5CC8}.Release|Mixed Platforms.ActiveCfg = Release|Any CPU
		{820E1426-5BAE-4834-88FB-EC407D4E5CC8}.Release|Mixed Platforms.Build.0 = Release|Any CPU
		{820E1426-5BAE-4834-88FB-EC407D4E5CC8}.Release|x64.ActiveCfg = Release|Any CPU
		{820E1426-5BAE-4834-88FB-EC407D4E5CC8}.Release|x86.ActiveCfg = Release|Any CPU
		{2A3C4415-B678-4826-97D8-E25E6E63B088}.Debug|Any CPU.ActiveCfg = Debug|Any CPU
		{2A3C4415-B678-4826-97D8-E25E6E63B088}.Debug|Any CPU.Build.0 = Debug|Any CPU
		{2A3C4415-B678-4826-97D8-E25E6E63B088}.Debug|Mixed Platforms.ActiveCfg = Debug|x86
		{2A3C4415-B678-4826-97D8-E25E6E63B088}.Debug|Mixed Platforms.Build.0 = Debug|x86
		{2A3C4415-B678-4826-97D8-E25E6E63B088}.Debug|x64.ActiveCfg = Debug|Any CPU
		{2A3C4415-B678-4826-97D8-E25E6E63B088}.Debug|x86.ActiveCfg = Debug|x86
		{2A3C4415-B678-4826-97D8-E25E6E63B088}.Debug|x86.Build.0 = Debug|x86
		{2A3C4415-B678-4826-97D8-E25E6E63B088}.Part1|Any CPU.ActiveCfg = Release|Any CPU
		{2A3C4415-B678-4826-97D8-E25E6E63B088}.Part1|Any CPU.Build.0 = Release|Any CPU
		{2A3C4415-B678-4826-97D8-E25E6E63B088}.Part1|Mixed Platforms.ActiveCfg = Release|x86
		{2A3C4415-B678-4826-97D8-E25E6E63B088}.Part1|Mixed Platforms.Build.0 = Release|x86
		{2A3C4415-B678-4826-97D8-E25E6E63B088}.Part1|x64.ActiveCfg = Release|Any CPU
		{2A3C4415-B678-4826-97D8-E25E6E63B088}.Part1|x86.ActiveCfg = Release|x86
		{2A3C4415-B678-4826-97D8-E25E6E63B088}.Part1|x86.Build.0 = Release|x86
		{2A3C4415-B678-4826-97D8-E25E6E63B088}.Release|Any CPU.ActiveCfg = Release|Any CPU
		{2A3C4415-B678-4826-97D8-E25E6E63B088}.Release|Any CPU.Build.0 = Release|Any CPU
		{2A3C4415-B678-4826-97D8-E25E6E63B088}.Release|Mixed Platforms.ActiveCfg = Release|x86
		{2A3C4415-B678-4826-97D8-E25E6E63B088}.Release|Mixed Platforms.Build.0 = Release|x86
		{2A3C4415-B678-4826-97D8-E25E6E63B088}.Release|x64.ActiveCfg = Release|Any CPU
		{2A3C4415-B678-4826-97D8-E25E6E63B088}.Release|x86.ActiveCfg = Release|x86
		{2A3C4415-B678-4826-97D8-E25E6E63B088}.Release|x86.Build.0 = Release|x86
	EndGlobalSection
	GlobalSection(SolutionProperties) = preSolution
		HideSolutionNode = FALSE
	EndGlobalSection
	GlobalSection(NestedProjects) = preSolution
		{D29302BA-0421-425C-BA06-DC80C3621A24} = {3E43E602-FDDB-427E-8995-FB0474DF2E59}
		{E5F99333-3E66-4A22-A519-07B78370F322} = {3E43E602-FDDB-427E-8995-FB0474DF2E59}
		{1E3CB045-476B-45A4-964B-4EFFCFBCA755} = {3E43E602-FDDB-427E-8995-FB0474DF2E59}
		{7CE656AE-6BD8-42AF-964A-E1A2296BC789} = {3E43E602-FDDB-427E-8995-FB0474DF2E59}
		{28E79461-3161-4130-81B0-2C36CD3A3315} = {7E3BB712-B58F-4B80-B9FB-317A8548B69D}
		{04B4C21D-E554-4369-8C00-BFBBECA0FB2C} = {7E3BB712-B58F-4B80-B9FB-317A8548B69D}
		{CCC638AD-BFE5-4D81-8690-02086C71F971} = {7E3BB712-B58F-4B80-B9FB-317A8548B69D}
		{A022B559-AB8A-4130-98AC-70A68B217C80} = {7E3BB712-B58F-4B80-B9FB-317A8548B69D}
		{FEAFEC49-6F84-4852-9A57-F16DF359B356} = {7E3BB712-B58F-4B80-B9FB-317A8548B69D}
		{55D24EB1-96BB-4902-8240-E9019032DB93} = {7E3BB712-B58F-4B80-B9FB-317A8548B69D}
		{A559DF9C-CEA8-4CAD-8D9B-7549370E5159} = {7E3BB712-B58F-4B80-B9FB-317A8548B69D}
		{E75A11B8-00A2-45DE-A5E4-4B8180B5903C} = {7E3BB712-B58F-4B80-B9FB-317A8548B69D}
		{563D34FC-683D-45BC-BB30-7DE44A61DFBD} = {7E3BB712-B58F-4B80-B9FB-317A8548B69D}
		{2A3C4415-B678-4826-97D8-E25E6E63B088} = {7E3BB712-B58F-4B80-B9FB-317A8548B69D}
		{E11CC461-44EE-4FE0-84F8-CF36B780339E} = {D4A568B4-8BEF-44CC-B9A2-EC14DA916C19}
		{8B41651D-47CC-416D-93A1-C74B1B01FDB2} = {D4A568B4-8BEF-44CC-B9A2-EC14DA916C19}
		{820E1426-5BAE-4834-88FB-EC407D4E5CC8} = {D4A568B4-8BEF-44CC-B9A2-EC14DA916C19}
	EndGlobalSection
EndGlobal
